// !$*UTF8*$!
{
	archiveVersion = 1;
	classes = {
	};
	objectVersion = 55;
	objects = {

/* Begin PBXBuildFile section */
		FA06D0BA29B40FE000F0BB7A /* UserListDataSource.swift in Sources */ = {isa = PBXBuildFile; fileRef = FA06D0B929B40FE000F0BB7A /* UserListDataSource.swift */; };
		FA06D0BC29B419AA00F0BB7A /* FavoriteListView.swift in Sources */ = {isa = PBXBuildFile; fileRef = FA06D0BB29B419AA00F0BB7A /* FavoriteListView.swift */; };
		FA06D0BE29B429BD00F0BB7A /* SearchDelegate.swift in Sources */ = {isa = PBXBuildFile; fileRef = FA06D0BD29B429BD00F0BB7A /* SearchDelegate.swift */; };
		FA06D0C029B42A2B00F0BB7A /* UserInfoDelegate.swift in Sources */ = {isa = PBXBuildFile; fileRef = FA06D0BF29B42A2B00F0BB7A /* UserInfoDelegate.swift */; };
		FA06D0C229B42B1E00F0BB7A /* UserListDelegate.swift in Sources */ = {isa = PBXBuildFile; fileRef = FA06D0C129B42B1E00F0BB7A /* UserListDelegate.swift */; };
		FA06D0C629B42CD700F0BB7A /* FavoriteListDelegate.swift in Sources */ = {isa = PBXBuildFile; fileRef = FA06D0C529B42CD700F0BB7A /* FavoriteListDelegate.swift */; };
		FA0B2D7F287430680063B8AB /* GFFavoriteCell.swift in Sources */ = {isa = PBXBuildFile; fileRef = FA0B2D7E287430670063B8AB /* GFFavoriteCell.swift */; };
		FA0B2D9D2888A3E50063B8AB /* KeyboardDismissable.swift in Sources */ = {isa = PBXBuildFile; fileRef = FA0B2D9C2888A3E50063B8AB /* KeyboardDismissable.swift */; };
		FA0B2DA5288AA42C0063B8AB /* Endpoint.swift in Sources */ = {isa = PBXBuildFile; fileRef = FA0B2DA4288AA42C0063B8AB /* Endpoint.swift */; };
		FA0B2DA7288AA4380063B8AB /* HTTPMethod.swift in Sources */ = {isa = PBXBuildFile; fileRef = FA0B2DA6288AA4380063B8AB /* HTTPMethod.swift */; };
		FA0B2DA9288AA4540063B8AB /* GFNetworkError.swift in Sources */ = {isa = PBXBuildFile; fileRef = FA0B2DA8288AA4530063B8AB /* GFNetworkError.swift */; };
		FA0B2DAD288AA7170063B8AB /* UsersEndpoint.swift in Sources */ = {isa = PBXBuildFile; fileRef = FA0B2DAC288AA7170063B8AB /* UsersEndpoint.swift */; };
		FA0B2DB2288ABB520063B8AB /* UsersService.swift in Sources */ = {isa = PBXBuildFile; fileRef = FA0B2DB1288ABB520063B8AB /* UsersService.swift */; };
		FA0B8AA1289489C8004CA10D /* Localizable.strings in Resources */ = {isa = PBXBuildFile; fileRef = FA0B8AA3289489C8004CA10D /* Localizable.strings */; };
		FA0B8AA628948B3F004CA10D /* String+Ext.swift in Sources */ = {isa = PBXBuildFile; fileRef = FA0B8AA528948B3F004CA10D /* String+Ext.swift */; };
		FA474A01288EAD7500C99761 /* User.swift in Sources */ = {isa = PBXBuildFile; fileRef = FA474A00288EAD7500C99761 /* User.swift */; };
		FA474A1E2890916500C99761 /* GFGitHubProfileButtonCardView.swift in Sources */ = {isa = PBXBuildFile; fileRef = FA474A1D2890916500C99761 /* GFGitHubProfileButtonCardView.swift */; };
		FA474A222890927C00C99761 /* GFItemInfoCardView.swift in Sources */ = {isa = PBXBuildFile; fileRef = FA474A212890927C00C99761 /* GFItemInfoCardView.swift */; };
		FA474A252891454600C99761 /* GFItemInfoType.swift in Sources */ = {isa = PBXBuildFile; fileRef = FA474A242891454600C99761 /* GFItemInfoType.swift */; };
		FA491FE52869AAB40093D917 /* UIViewController+Ext.swift in Sources */ = {isa = PBXBuildFile; fileRef = FA491FE42869AAB40093D917 /* UIViewController+Ext.swift */; };
		FA491FEF286A0A840093D917 /* Userable.swift in Sources */ = {isa = PBXBuildFile; fileRef = FA491FEE286A0A840093D917 /* Userable.swift */; };
		FA491FF5286BB42F0093D917 /* HTTPClient.swift in Sources */ = {isa = PBXBuildFile; fileRef = FA491FF4286BB42F0093D917 /* HTTPClient.swift */; };
		FA491FF8286C3FFE0093D917 /* GFPersistenceError.swift in Sources */ = {isa = PBXBuildFile; fileRef = FA491FF7286C3FFE0093D917 /* GFPersistenceError.swift */; };
		FA491FFB286C4E8E0093D917 /* GFFollowerCell.swift in Sources */ = {isa = PBXBuildFile; fileRef = FA491FFA286C4E8E0093D917 /* GFFollowerCell.swift */; };
		FA491FFE286C4EEE0093D917 /* GFAvatarImageView.swift in Sources */ = {isa = PBXBuildFile; fileRef = FA491FFD286C4EEE0093D917 /* GFAvatarImageView.swift */; };
		FA54FD32288DAC350092D9EC /* UIView+Ext.swift in Sources */ = {isa = PBXBuildFile; fileRef = FA54FD31288DAC350092D9EC /* UIView+Ext.swift */; };
		FA54FD34288DAC700092D9EC /* GFBaseItem.swift in Sources */ = {isa = PBXBuildFile; fileRef = FA54FD33288DAC700092D9EC /* GFBaseItem.swift */; };
		FA5F239E288DA497001BF427 /* UserInfo.swift in Sources */ = {isa = PBXBuildFile; fileRef = FA5F239D288DA497001BF427 /* UserInfo.swift */; };
		FA5F23A1288DA4D2001BF427 /* GFTabBarController.swift in Sources */ = {isa = PBXBuildFile; fileRef = FA5F23A0288DA4D2001BF427 /* GFTabBarController.swift */; };
		FA5F23A4288DA51B001BF427 /* GFBodyLabel.swift in Sources */ = {isa = PBXBuildFile; fileRef = FA5F23A3288DA51B001BF427 /* GFBodyLabel.swift */; };
		FA5F23A6288DA529001BF427 /* GFTitleLabel.swift in Sources */ = {isa = PBXBuildFile; fileRef = FA5F23A5288DA529001BF427 /* GFTitleLabel.swift */; };
		FA5F23A8288DA541001BF427 /* GFSecondaryTitleLabel.swift in Sources */ = {isa = PBXBuildFile; fileRef = FA5F23A7288DA541001BF427 /* GFSecondaryTitleLabel.swift */; };
		FA5F23AB288DA561001BF427 /* GFTextField.swift in Sources */ = {isa = PBXBuildFile; fileRef = FA5F23AA288DA561001BF427 /* GFTextField.swift */; };
		FA5F23AD288DA7B4001BF427 /* SFSymbol.swift in Sources */ = {isa = PBXBuildFile; fileRef = FA5F23AC288DA7B4001BF427 /* SFSymbol.swift */; };
		FA5F23AF288DA7E6001BF427 /* UICollectionViewFlowLayout+Ext.swift in Sources */ = {isa = PBXBuildFile; fileRef = FA5F23AE288DA7E6001BF427 /* UICollectionViewFlowLayout+Ext.swift */; };
		FA5F23B1288DA7FE001BF427 /* Date+Ext.swift in Sources */ = {isa = PBXBuildFile; fileRef = FA5F23B0288DA7FE001BF427 /* Date+Ext.swift */; };
		FA5F23B9288DA884001BF427 /* GFAlertContainerView.swift in Sources */ = {isa = PBXBuildFile; fileRef = FA5F23B8288DA884001BF427 /* GFAlertContainerView.swift */; };
		FA68332328917EF200828368 /* GFFollowersItem.swift in Sources */ = {isa = PBXBuildFile; fileRef = FA68332228917EF200828368 /* GFFollowersItem.swift */; };
		FA68332528917EF800828368 /* GFFollowingItem.swift in Sources */ = {isa = PBXBuildFile; fileRef = FA68332428917EF800828368 /* GFFollowingItem.swift */; };
		FAA7953229B1354900B848F6 /* FavoriteListDataSource.swift in Sources */ = {isa = PBXBuildFile; fileRef = FAA7953129B1354900B848F6 /* FavoriteListDataSource.swift */; };
		FAA7953629B159FA00B848F6 /* SearchView.swift in Sources */ = {isa = PBXBuildFile; fileRef = FAA7953529B159FA00B848F6 /* SearchView.swift */; };
		FAA7953829B16AD700B848F6 /* HasCustomView.swift in Sources */ = {isa = PBXBuildFile; fileRef = FAA7953729B16AD700B848F6 /* HasCustomView.swift */; };
		FAA7953A29B1F9A300B848F6 /* UserInfoView.swift in Sources */ = {isa = PBXBuildFile; fileRef = FAA7953929B1F9A300B848F6 /* UserInfoView.swift */; };
		FAC7EC62286E4BA10087659D /* GFEmptyStateView.swift in Sources */ = {isa = PBXBuildFile; fileRef = FAC7EC61286E4BA10087659D /* GFEmptyStateView.swift */; };
		FAC7EC642870889E0087659D /* UserInfoViewController.swift in Sources */ = {isa = PBXBuildFile; fileRef = FAC7EC632870889D0087659D /* UserInfoViewController.swift */; };
		FAC7EC662871AD730087659D /* GFUserInfoHeaderView.swift in Sources */ = {isa = PBXBuildFile; fileRef = FAC7EC652871AD730087659D /* GFUserInfoHeaderView.swift */; };
		FAC7EC6A2871D79B0087659D /* GFImages.swift in Sources */ = {isa = PBXBuildFile; fileRef = FAC7EC692871D79B0087659D /* GFImages.swift */; };
		FAC7EC6F2871EC9E0087659D /* GFBaseCardView.swift in Sources */ = {isa = PBXBuildFile; fileRef = FAC7EC6E2871EC9E0087659D /* GFBaseCardView.swift */; };
		FAD77F0128624E4D00740D21 /* AppDelegate.swift in Sources */ = {isa = PBXBuildFile; fileRef = FAD77F0028624E4D00740D21 /* AppDelegate.swift */; };
		FAD77F0328624E4D00740D21 /* SceneDelegate.swift in Sources */ = {isa = PBXBuildFile; fileRef = FAD77F0228624E4D00740D21 /* SceneDelegate.swift */; };
		FAD77F0A28624E4E00740D21 /* Assets.xcassets in Resources */ = {isa = PBXBuildFile; fileRef = FAD77F0928624E4E00740D21 /* Assets.xcassets */; };
		FAD77F1528625F6100740D21 /* SearchViewController.swift in Sources */ = {isa = PBXBuildFile; fileRef = FAD77F1428625F6000740D21 /* SearchViewController.swift */; };
		FAD77F192868F8BD00740D21 /* GFButton.swift in Sources */ = {isa = PBXBuildFile; fileRef = FAD77F182868F8BD00740D21 /* GFButton.swift */; };
		FAD77F1D28699AC000740D21 /* UserListViewController.swift in Sources */ = {isa = PBXBuildFile; fileRef = FAD77F1C28699AC000740D21 /* UserListViewController.swift */; };
		FAD77F232869A3E700740D21 /* GFAlertViewController.swift in Sources */ = {isa = PBXBuildFile; fileRef = FAD77F222869A3E700740D21 /* GFAlertViewController.swift */; };
		FAF84E26288C62FE007CEB34 /* Cache.swift in Sources */ = {isa = PBXBuildFile; fileRef = FAF84E25288C62FE007CEB34 /* Cache.swift */; };
		FAF84E28288C7CCB007CEB34 /* ImageService.swift in Sources */ = {isa = PBXBuildFile; fileRef = FAF84E27288C7CCB007CEB34 /* ImageService.swift */; };
		FAFB122829AE645200BB9A50 /* UserDefaultsManager.swift in Sources */ = {isa = PBXBuildFile; fileRef = FAFB122729AE645200BB9A50 /* UserDefaultsManager.swift */; };
		FAFB123229AECCD100BB9A50 /* ImageManager.swift in Sources */ = {isa = PBXBuildFile; fileRef = FAFB123129AECCD100BB9A50 /* ImageManager.swift */; };
		FAFB123429AF881C00BB9A50 /* Bundle+Ext.swift in Sources */ = {isa = PBXBuildFile; fileRef = FAFB123329AF881B00BB9A50 /* Bundle+Ext.swift */; };
		FAFD88F729B4E7F700E60B48 /* FavoriteRepository.swift in Sources */ = {isa = PBXBuildFile; fileRef = FAFD88F629B4E7F700E60B48 /* FavoriteRepository.swift */; };
		FAFD88F929B4FB7600E60B48 /* FavoriteListViewController.swift in Sources */ = {isa = PBXBuildFile; fileRef = FAFD88F829B4FB7600E60B48 /* FavoriteListViewController.swift */; };
		FAFF901F29E1844A00624231 /* Repository.swift in Sources */ = {isa = PBXBuildFile; fileRef = FAFF901E29E1844A00624231 /* Repository.swift */; };
/* End PBXBuildFile section */

/* Begin PBXFileReference section */
		FA06D0B929B40FE000F0BB7A /* UserListDataSource.swift */ = {isa = PBXFileReference; lastKnownFileType = sourcecode.swift; path = UserListDataSource.swift; sourceTree = "<group>"; };
		FA06D0BB29B419AA00F0BB7A /* FavoriteListView.swift */ = {isa = PBXFileReference; lastKnownFileType = sourcecode.swift; path = FavoriteListView.swift; sourceTree = "<group>"; };
		FA06D0BD29B429BD00F0BB7A /* SearchDelegate.swift */ = {isa = PBXFileReference; lastKnownFileType = sourcecode.swift; path = SearchDelegate.swift; sourceTree = "<group>"; };
		FA06D0BF29B42A2B00F0BB7A /* UserInfoDelegate.swift */ = {isa = PBXFileReference; lastKnownFileType = sourcecode.swift; path = UserInfoDelegate.swift; sourceTree = "<group>"; };
		FA06D0C129B42B1E00F0BB7A /* UserListDelegate.swift */ = {isa = PBXFileReference; lastKnownFileType = sourcecode.swift; path = UserListDelegate.swift; sourceTree = "<group>"; };
		FA06D0C529B42CD700F0BB7A /* FavoriteListDelegate.swift */ = {isa = PBXFileReference; lastKnownFileType = sourcecode.swift; path = FavoriteListDelegate.swift; sourceTree = "<group>"; };
		FA0B2D7E287430670063B8AB /* GFFavoriteCell.swift */ = {isa = PBXFileReference; lastKnownFileType = sourcecode.swift; path = GFFavoriteCell.swift; sourceTree = "<group>"; };
		FA0B2D9C2888A3E50063B8AB /* KeyboardDismissable.swift */ = {isa = PBXFileReference; lastKnownFileType = sourcecode.swift; path = KeyboardDismissable.swift; sourceTree = "<group>"; };
		FA0B2DA4288AA42C0063B8AB /* Endpoint.swift */ = {isa = PBXFileReference; lastKnownFileType = sourcecode.swift; path = Endpoint.swift; sourceTree = "<group>"; };
		FA0B2DA6288AA4380063B8AB /* HTTPMethod.swift */ = {isa = PBXFileReference; lastKnownFileType = sourcecode.swift; path = HTTPMethod.swift; sourceTree = "<group>"; };
		FA0B2DA8288AA4530063B8AB /* GFNetworkError.swift */ = {isa = PBXFileReference; lastKnownFileType = sourcecode.swift; path = GFNetworkError.swift; sourceTree = "<group>"; };
		FA0B2DAC288AA7170063B8AB /* UsersEndpoint.swift */ = {isa = PBXFileReference; lastKnownFileType = sourcecode.swift; path = UsersEndpoint.swift; sourceTree = "<group>"; };
		FA0B2DB1288ABB520063B8AB /* UsersService.swift */ = {isa = PBXFileReference; lastKnownFileType = sourcecode.swift; path = UsersService.swift; sourceTree = "<group>"; };
		FA0B8AA2289489C8004CA10D /* en */ = {isa = PBXFileReference; lastKnownFileType = text.plist.strings; name = en; path = en.lproj/Localizable.strings; sourceTree = "<group>"; };
		FA0B8AA4289489CB004CA10D /* es */ = {isa = PBXFileReference; lastKnownFileType = text.plist.strings; name = es; path = es.lproj/Localizable.strings; sourceTree = "<group>"; };
		FA0B8AA528948B3F004CA10D /* String+Ext.swift */ = {isa = PBXFileReference; lastKnownFileType = sourcecode.swift; path = "String+Ext.swift"; sourceTree = "<group>"; };
		FA0B8AA728953D90004CA10D /* fr */ = {isa = PBXFileReference; lastKnownFileType = text.plist.strings; name = fr; path = fr.lproj/Localizable.strings; sourceTree = "<group>"; };
		FA474A00288EAD7500C99761 /* User.swift */ = {isa = PBXFileReference; lastKnownFileType = sourcecode.swift; path = User.swift; sourceTree = "<group>"; };
		FA474A1D2890916500C99761 /* GFGitHubProfileButtonCardView.swift */ = {isa = PBXFileReference; lastKnownFileType = sourcecode.swift; path = GFGitHubProfileButtonCardView.swift; sourceTree = "<group>"; };
		FA474A212890927C00C99761 /* GFItemInfoCardView.swift */ = {isa = PBXFileReference; lastKnownFileType = sourcecode.swift; path = GFItemInfoCardView.swift; sourceTree = "<group>"; };
		FA474A242891454600C99761 /* GFItemInfoType.swift */ = {isa = PBXFileReference; lastKnownFileType = sourcecode.swift; path = GFItemInfoType.swift; sourceTree = "<group>"; };
		FA491FE42869AAB40093D917 /* UIViewController+Ext.swift */ = {isa = PBXFileReference; lastKnownFileType = sourcecode.swift; path = "UIViewController+Ext.swift"; sourceTree = "<group>"; };
		FA491FEE286A0A840093D917 /* Userable.swift */ = {isa = PBXFileReference; lastKnownFileType = sourcecode.swift; path = Userable.swift; sourceTree = "<group>"; };
		FA491FF4286BB42F0093D917 /* HTTPClient.swift */ = {isa = PBXFileReference; lastKnownFileType = sourcecode.swift; path = HTTPClient.swift; sourceTree = "<group>"; };
		FA491FF7286C3FFE0093D917 /* GFPersistenceError.swift */ = {isa = PBXFileReference; lastKnownFileType = sourcecode.swift; path = GFPersistenceError.swift; sourceTree = "<group>"; };
		FA491FFA286C4E8E0093D917 /* GFFollowerCell.swift */ = {isa = PBXFileReference; lastKnownFileType = sourcecode.swift; path = GFFollowerCell.swift; sourceTree = "<group>"; };
		FA491FFD286C4EEE0093D917 /* GFAvatarImageView.swift */ = {isa = PBXFileReference; lastKnownFileType = sourcecode.swift; path = GFAvatarImageView.swift; sourceTree = "<group>"; };
		FA54FD31288DAC350092D9EC /* UIView+Ext.swift */ = {isa = PBXFileReference; lastKnownFileType = sourcecode.swift; path = "UIView+Ext.swift"; sourceTree = "<group>"; };
		FA54FD33288DAC700092D9EC /* GFBaseItem.swift */ = {isa = PBXFileReference; lastKnownFileType = sourcecode.swift; path = GFBaseItem.swift; sourceTree = "<group>"; };
		FA5F239D288DA497001BF427 /* UserInfo.swift */ = {isa = PBXFileReference; lastKnownFileType = sourcecode.swift; path = UserInfo.swift; sourceTree = "<group>"; };
		FA5F23A0288DA4D2001BF427 /* GFTabBarController.swift */ = {isa = PBXFileReference; lastKnownFileType = sourcecode.swift; path = GFTabBarController.swift; sourceTree = "<group>"; };
		FA5F23A3288DA51B001BF427 /* GFBodyLabel.swift */ = {isa = PBXFileReference; lastKnownFileType = sourcecode.swift; path = GFBodyLabel.swift; sourceTree = "<group>"; };
		FA5F23A5288DA529001BF427 /* GFTitleLabel.swift */ = {isa = PBXFileReference; lastKnownFileType = sourcecode.swift; path = GFTitleLabel.swift; sourceTree = "<group>"; };
		FA5F23A7288DA541001BF427 /* GFSecondaryTitleLabel.swift */ = {isa = PBXFileReference; lastKnownFileType = sourcecode.swift; path = GFSecondaryTitleLabel.swift; sourceTree = "<group>"; };
		FA5F23AA288DA561001BF427 /* GFTextField.swift */ = {isa = PBXFileReference; lastKnownFileType = sourcecode.swift; path = GFTextField.swift; sourceTree = "<group>"; };
		FA5F23AC288DA7B4001BF427 /* SFSymbol.swift */ = {isa = PBXFileReference; lastKnownFileType = sourcecode.swift; path = SFSymbol.swift; sourceTree = "<group>"; };
		FA5F23AE288DA7E6001BF427 /* UICollectionViewFlowLayout+Ext.swift */ = {isa = PBXFileReference; lastKnownFileType = sourcecode.swift; path = "UICollectionViewFlowLayout+Ext.swift"; sourceTree = "<group>"; };
		FA5F23B0288DA7FE001BF427 /* Date+Ext.swift */ = {isa = PBXFileReference; lastKnownFileType = sourcecode.swift; path = "Date+Ext.swift"; sourceTree = "<group>"; };
		FA5F23B8288DA884001BF427 /* GFAlertContainerView.swift */ = {isa = PBXFileReference; lastKnownFileType = sourcecode.swift; path = GFAlertContainerView.swift; sourceTree = "<group>"; };
		FA68332228917EF200828368 /* GFFollowersItem.swift */ = {isa = PBXFileReference; fileEncoding = 4; lastKnownFileType = sourcecode.swift; path = GFFollowersItem.swift; sourceTree = "<group>"; };
		FA68332428917EF800828368 /* GFFollowingItem.swift */ = {isa = PBXFileReference; fileEncoding = 4; lastKnownFileType = sourcecode.swift; path = GFFollowingItem.swift; sourceTree = "<group>"; };
		FAA7953129B1354900B848F6 /* FavoriteListDataSource.swift */ = {isa = PBXFileReference; lastKnownFileType = sourcecode.swift; path = FavoriteListDataSource.swift; sourceTree = "<group>"; };
		FAA7953529B159FA00B848F6 /* SearchView.swift */ = {isa = PBXFileReference; lastKnownFileType = sourcecode.swift; path = SearchView.swift; sourceTree = "<group>"; };
		FAA7953729B16AD700B848F6 /* HasCustomView.swift */ = {isa = PBXFileReference; lastKnownFileType = sourcecode.swift; path = HasCustomView.swift; sourceTree = "<group>"; };
		FAA7953929B1F9A300B848F6 /* UserInfoView.swift */ = {isa = PBXFileReference; lastKnownFileType = sourcecode.swift; path = UserInfoView.swift; sourceTree = "<group>"; };
		FAC7EC61286E4BA10087659D /* GFEmptyStateView.swift */ = {isa = PBXFileReference; lastKnownFileType = sourcecode.swift; path = GFEmptyStateView.swift; sourceTree = "<group>"; };
		FAC7EC632870889D0087659D /* UserInfoViewController.swift */ = {isa = PBXFileReference; lastKnownFileType = sourcecode.swift; path = UserInfoViewController.swift; sourceTree = "<group>"; };
		FAC7EC652871AD730087659D /* GFUserInfoHeaderView.swift */ = {isa = PBXFileReference; lastKnownFileType = sourcecode.swift; path = GFUserInfoHeaderView.swift; sourceTree = "<group>"; };
		FAC7EC692871D79B0087659D /* GFImages.swift */ = {isa = PBXFileReference; lastKnownFileType = sourcecode.swift; path = GFImages.swift; sourceTree = "<group>"; };
		FAC7EC6E2871EC9E0087659D /* GFBaseCardView.swift */ = {isa = PBXFileReference; lastKnownFileType = sourcecode.swift; path = GFBaseCardView.swift; sourceTree = "<group>"; };
		FAD77EFD28624E4D00740D21 /* GitHubUsers.app */ = {isa = PBXFileReference; explicitFileType = wrapper.application; includeInIndex = 0; path = GitHubUsers.app; sourceTree = BUILT_PRODUCTS_DIR; };
		FAD77F0028624E4D00740D21 /* AppDelegate.swift */ = {isa = PBXFileReference; lastKnownFileType = sourcecode.swift; path = AppDelegate.swift; sourceTree = "<group>"; };
		FAD77F0228624E4D00740D21 /* SceneDelegate.swift */ = {isa = PBXFileReference; lastKnownFileType = sourcecode.swift; path = SceneDelegate.swift; sourceTree = "<group>"; };
		FAD77F0928624E4E00740D21 /* Assets.xcassets */ = {isa = PBXFileReference; lastKnownFileType = folder.assetcatalog; path = Assets.xcassets; sourceTree = "<group>"; };
		FAD77F0E28624E4E00740D21 /* Info.plist */ = {isa = PBXFileReference; lastKnownFileType = text.plist.xml; path = Info.plist; sourceTree = "<group>"; };
		FAD77F1428625F6000740D21 /* SearchViewController.swift */ = {isa = PBXFileReference; lastKnownFileType = sourcecode.swift; path = SearchViewController.swift; sourceTree = "<group>"; };
		FAD77F182868F8BD00740D21 /* GFButton.swift */ = {isa = PBXFileReference; lastKnownFileType = sourcecode.swift; path = GFButton.swift; sourceTree = "<group>"; };
		FAD77F1C28699AC000740D21 /* UserListViewController.swift */ = {isa = PBXFileReference; lastKnownFileType = sourcecode.swift; path = UserListViewController.swift; sourceTree = "<group>"; };
		FAD77F222869A3E700740D21 /* GFAlertViewController.swift */ = {isa = PBXFileReference; lastKnownFileType = sourcecode.swift; path = GFAlertViewController.swift; sourceTree = "<group>"; };
		FAF84E25288C62FE007CEB34 /* Cache.swift */ = {isa = PBXFileReference; lastKnownFileType = sourcecode.swift; path = Cache.swift; sourceTree = "<group>"; };
		FAF84E27288C7CCB007CEB34 /* ImageService.swift */ = {isa = PBXFileReference; lastKnownFileType = sourcecode.swift; path = ImageService.swift; sourceTree = "<group>"; };
		FAFB122729AE645200BB9A50 /* UserDefaultsManager.swift */ = {isa = PBXFileReference; lastKnownFileType = sourcecode.swift; path = UserDefaultsManager.swift; sourceTree = "<group>"; };
		FAFB123129AECCD100BB9A50 /* ImageManager.swift */ = {isa = PBXFileReference; lastKnownFileType = sourcecode.swift; path = ImageManager.swift; sourceTree = "<group>"; };
		FAFB123329AF881B00BB9A50 /* Bundle+Ext.swift */ = {isa = PBXFileReference; lastKnownFileType = sourcecode.swift; path = "Bundle+Ext.swift"; sourceTree = "<group>"; };
		FAFD88F629B4E7F700E60B48 /* FavoriteRepository.swift */ = {isa = PBXFileReference; lastKnownFileType = sourcecode.swift; path = FavoriteRepository.swift; sourceTree = "<group>"; };
		FAFD88F829B4FB7600E60B48 /* FavoriteListViewController.swift */ = {isa = PBXFileReference; lastKnownFileType = sourcecode.swift; path = FavoriteListViewController.swift; sourceTree = "<group>"; };
		FAFF901E29E1844A00624231 /* Repository.swift */ = {isa = PBXFileReference; lastKnownFileType = sourcecode.swift; path = Repository.swift; sourceTree = "<group>"; };
/* End PBXFileReference section */

/* Begin PBXFrameworksBuildPhase section */
		FAD77EFA28624E4D00740D21 /* Frameworks */ = {
			isa = PBXFrameworksBuildPhase;
			buildActionMask = 2147483647;
			files = (
			);
			runOnlyForDeploymentPostprocessing = 0;
		};
/* End PBXFrameworksBuildPhase section */

/* Begin PBXGroup section */
		FA0B2D80287432A00063B8AB /* UITableViewCell */ = {
			isa = PBXGroup;
			children = (
				FA0B2D7E287430670063B8AB /* GFFavoriteCell.swift */,
			);
			path = UITableViewCell;
			sourceTree = "<group>";
		};
		FA0B2D9B28889A8C0063B8AB /* Protocols */ = {
			isa = PBXGroup;
			children = (
				FA491FEE286A0A840093D917 /* Userable.swift */,
				FA0B2D9C2888A3E50063B8AB /* KeyboardDismissable.swift */,
				FAA7953729B16AD700B848F6 /* HasCustomView.swift */,
			);
			path = Protocols;
			sourceTree = "<group>";
		};
		FA0B2DA2288AA3520063B8AB /* Network */ = {
			isa = PBXGroup;
			children = (
				FA0B2DAE288AA7210063B8AB /* Endpoints */,
				FA0B2DAB288AA7040063B8AB /* Services */,
				FA0B2DA3288AA3AD0063B8AB /* Base */,
			);
			path = Network;
			sourceTree = "<group>";
		};
		FA0B2DA3288AA3AD0063B8AB /* Base */ = {
			isa = PBXGroup;
			children = (
				FA491FF4286BB42F0093D917 /* HTTPClient.swift */,
				FA0B2DA6288AA4380063B8AB /* HTTPMethod.swift */,
				FA0B2DA8288AA4530063B8AB /* GFNetworkError.swift */,
			);
			path = Base;
			sourceTree = "<group>";
		};
		FA0B2DAB288AA7040063B8AB /* Services */ = {
			isa = PBXGroup;
			children = (
				FA0B2DB1288ABB520063B8AB /* UsersService.swift */,
				FAF84E27288C7CCB007CEB34 /* ImageService.swift */,
			);
			path = Services;
			sourceTree = "<group>";
		};
		FA0B2DAE288AA7210063B8AB /* Endpoints */ = {
			isa = PBXGroup;
			children = (
				FA0B2DAC288AA7170063B8AB /* UsersEndpoint.swift */,
				FA0B2DA4288AA42C0063B8AB /* Endpoint.swift */,
			);
			path = Endpoints;
			sourceTree = "<group>";
		};
		FA0B8A9C28948980004CA10D /* Resources */ = {
			isa = PBXGroup;
			children = (
				FA0B8A9E289489A5004CA10D /* Strings */,
				FA0B8A9D28948991004CA10D /* Images */,
			);
			path = Resources;
			sourceTree = "<group>";
		};
		FA0B8A9D28948991004CA10D /* Images */ = {
			isa = PBXGroup;
			children = (
				FAD77F0928624E4E00740D21 /* Assets.xcassets */,
				FA5F23AC288DA7B4001BF427 /* SFSymbol.swift */,
				FAC7EC692871D79B0087659D /* GFImages.swift */,
			);
			path = Images;
			sourceTree = "<group>";
		};
		FA0B8A9E289489A5004CA10D /* Strings */ = {
			isa = PBXGroup;
			children = (
				FA0B8AA3289489C8004CA10D /* Localizable.strings */,
			);
			path = Strings;
			sourceTree = "<group>";
		};
		FA4749F3288DF3D600C99761 /* Support */ = {
			isa = PBXGroup;
			children = (
				FAD77F0E28624E4E00740D21 /* Info.plist */,
				FAD77F0228624E4D00740D21 /* SceneDelegate.swift */,
				FAD77F0028624E4D00740D21 /* AppDelegate.swift */,
			);
			name = Support;
			sourceTree = "<group>";
		};
		FA4749F4288DF46800C99761 /* Search */ = {
			isa = PBXGroup;
			children = (
				FAD77F1428625F6000740D21 /* SearchViewController.swift */,
				FAA7953529B159FA00B848F6 /* SearchView.swift */,
				FA06D0BD29B429BD00F0BB7A /* SearchDelegate.swift */,
			);
			path = Search;
			sourceTree = "<group>";
		};
		FA4749F5288DF47200C99761 /* UserList */ = {
			isa = PBXGroup;
			children = (
				FAD77F1C28699AC000740D21 /* UserListViewController.swift */,
				FA06D0B929B40FE000F0BB7A /* UserListDataSource.swift */,
				FA06D0C129B42B1E00F0BB7A /* UserListDelegate.swift */,
			);
			path = UserList;
			sourceTree = "<group>";
		};
		FA4749F6288DF47D00C99761 /* FavoriteList */ = {
			isa = PBXGroup;
			children = (
				FAA7953129B1354900B848F6 /* FavoriteListDataSource.swift */,
				FA06D0C529B42CD700F0BB7A /* FavoriteListDelegate.swift */,
				FA06D0BB29B419AA00F0BB7A /* FavoriteListView.swift */,
				FAFD88F829B4FB7600E60B48 /* FavoriteListViewController.swift */,
			);
			path = FavoriteList;
			sourceTree = "<group>";
		};
		FA4749F7288DF48E00C99761 /* UserInfo */ = {
			isa = PBXGroup;
			children = (
				FAC7EC632870889D0087659D /* UserInfoViewController.swift */,
				FAA7953929B1F9A300B848F6 /* UserInfoView.swift */,
				FA06D0BF29B42A2B00F0BB7A /* UserInfoDelegate.swift */,
			);
			path = UserInfo;
			sourceTree = "<group>";
		};
		FA474A232891452400C99761 /* GFCardItem */ = {
			isa = PBXGroup;
			children = (
				FA54FD33288DAC700092D9EC /* GFBaseItem.swift */,
				FA68332428917EF800828368 /* GFFollowingItem.swift */,
				FA68332228917EF200828368 /* GFFollowersItem.swift */,
				FA474A242891454600C99761 /* GFItemInfoType.swift */,
			);
			path = GFCardItem;
			sourceTree = "<group>";
		};
		FA491FE62869B0E50093D917 /* Screens */ = {
			isa = PBXGroup;
			children = (
				FA4749F7288DF48E00C99761 /* UserInfo */,
				FA4749F6288DF47D00C99761 /* FavoriteList */,
				FA4749F5288DF47200C99761 /* UserList */,
				FA4749F4288DF46800C99761 /* Search */,
			);
			path = Screens;
			sourceTree = "<group>";
		};
		FA491FE72869B1450093D917 /* Components */ = {
			isa = PBXGroup;
			children = (
				FA5F23A9288DA557001BF427 /* UITextField */,
				FA5F23A2288DA4F8001BF427 /* UILabel */,
				FA5F239F288DA4C1001BF427 /* UITabBarController */,
				FA0B2D80287432A00063B8AB /* UITableViewCell */,
				FA491FE92869B3B30093D917 /* UIButton */,
				FA491FF9286C4DBF0093D917 /* UICollectionViewCell */,
				FA491FFC286C4ED40093D917 /* UIImageView */,
				FAC7EC60286E4B880087659D /* UIView */,
				FAC7EC5F286E4B570087659D /* GFAlert */,
			);
			path = Components;
			sourceTree = "<group>";
		};
		FA491FE82869B1790093D917 /* Extensions */ = {
			isa = PBXGroup;
			children = (
				FA491FE42869AAB40093D917 /* UIViewController+Ext.swift */,
				FA5F23AE288DA7E6001BF427 /* UICollectionViewFlowLayout+Ext.swift */,
				FA5F23B0288DA7FE001BF427 /* Date+Ext.swift */,
				FA54FD31288DAC350092D9EC /* UIView+Ext.swift */,
				FA0B8AA528948B3F004CA10D /* String+Ext.swift */,
				FAFB123329AF881B00BB9A50 /* Bundle+Ext.swift */,
			);
			path = Extensions;
			sourceTree = "<group>";
		};
		FA491FE92869B3B30093D917 /* UIButton */ = {
			isa = PBXGroup;
			children = (
				FAD77F182868F8BD00740D21 /* GFButton.swift */,
			);
			path = UIButton;
			sourceTree = "<group>";
		};
		FA491FED286A0A6C0093D917 /* Models */ = {
			isa = PBXGroup;
			children = (
				FA5F239D288DA497001BF427 /* UserInfo.swift */,
				FA474A00288EAD7500C99761 /* User.swift */,
			);
			path = Models;
			sourceTree = "<group>";
		};
		FA491FF3286BB41A0093D917 /* Persistence */ = {
			isa = PBXGroup;
			children = (
				FAFD88F529B4E7DF00E60B48 /* Repositories */,
				FAFF902329E18D6A00624231 /* Base */,
			);
			path = Persistence;
			sourceTree = "<group>";
		};
		FA491FF6286C3FED0093D917 /* Utils */ = {
			isa = PBXGroup;
			children = (
				FAF84E25288C62FE007CEB34 /* Cache.swift */,
			);
			path = Utils;
			sourceTree = "<group>";
		};
		FA491FF9286C4DBF0093D917 /* UICollectionViewCell */ = {
			isa = PBXGroup;
			children = (
				FA491FFA286C4E8E0093D917 /* GFFollowerCell.swift */,
			);
			path = UICollectionViewCell;
			sourceTree = "<group>";
		};
		FA491FFC286C4ED40093D917 /* UIImageView */ = {
			isa = PBXGroup;
			children = (
				FA491FFD286C4EEE0093D917 /* GFAvatarImageView.swift */,
			);
			path = UIImageView;
			sourceTree = "<group>";
		};
		FA5F239F288DA4C1001BF427 /* UITabBarController */ = {
			isa = PBXGroup;
			children = (
				FA5F23A0288DA4D2001BF427 /* GFTabBarController.swift */,
			);
			path = UITabBarController;
			sourceTree = "<group>";
		};
		FA5F23A2288DA4F8001BF427 /* UILabel */ = {
			isa = PBXGroup;
			children = (
				FA5F23A3288DA51B001BF427 /* GFBodyLabel.swift */,
				FA5F23A5288DA529001BF427 /* GFTitleLabel.swift */,
				FA5F23A7288DA541001BF427 /* GFSecondaryTitleLabel.swift */,
			);
			path = UILabel;
			sourceTree = "<group>";
		};
		FA5F23A9288DA557001BF427 /* UITextField */ = {
			isa = PBXGroup;
			children = (
				FA5F23AA288DA561001BF427 /* GFTextField.swift */,
			);
			path = UITextField;
			sourceTree = "<group>";
		};
		FAC7EC5F286E4B570087659D /* GFAlert */ = {
			isa = PBXGroup;
			children = (
				FA5F23B8288DA884001BF427 /* GFAlertContainerView.swift */,
				FAD77F222869A3E700740D21 /* GFAlertViewController.swift */,
			);
			path = GFAlert;
			sourceTree = "<group>";
		};
		FAC7EC60286E4B880087659D /* UIView */ = {
			isa = PBXGroup;
			children = (
				FAC7EC6D2871EC680087659D /* GFCard */,
				FA474A232891452400C99761 /* GFCardItem */,
				FAC7EC61286E4BA10087659D /* GFEmptyStateView.swift */,
				FAC7EC652871AD730087659D /* GFUserInfoHeaderView.swift */,
			);
			path = UIView;
			sourceTree = "<group>";
		};
		FAC7EC6D2871EC680087659D /* GFCard */ = {
			isa = PBXGroup;
			children = (
				FA474A1D2890916500C99761 /* GFGitHubProfileButtonCardView.swift */,
				FAC7EC6E2871EC9E0087659D /* GFBaseCardView.swift */,
				FA474A212890927C00C99761 /* GFItemInfoCardView.swift */,
			);
			path = GFCard;
			sourceTree = "<group>";
		};
		FAD77EF428624E4D00740D21 = {
			isa = PBXGroup;
			children = (
				FAD77EFF28624E4D00740D21 /* GitHubUsers */,
				FAD77EFE28624E4D00740D21 /* Products */,
			);
			sourceTree = "<group>";
		};
		FAD77EFE28624E4D00740D21 /* Products */ = {
			isa = PBXGroup;
			children = (
				FAD77EFD28624E4D00740D21 /* GitHubUsers.app */,
			);
			name = Products;
			sourceTree = "<group>";
		};
		FAD77EFF28624E4D00740D21 /* GitHubUsers */ = {
			isa = PBXGroup;
			children = (
				FA491FE72869B1450093D917 /* Components */,
				FA491FE82869B1790093D917 /* Extensions */,
				FA491FED286A0A6C0093D917 /* Models */,
				FA0B2DA2288AA3520063B8AB /* Network */,
				FA491FF3286BB41A0093D917 /* Persistence */,
				FA0B2D9B28889A8C0063B8AB /* Protocols */,
				FA0B8A9C28948980004CA10D /* Resources */,
				FA491FE62869B0E50093D917 /* Screens */,
				FA4749F3288DF3D600C99761 /* Support */,
				FA491FF6286C3FED0093D917 /* Utils */,
			);
			path = GitHubUsers;
			sourceTree = "<group>";
		};
		FAFD88F529B4E7DF00E60B48 /* Repositories */ = {
			isa = PBXGroup;
			children = (
				FAFD88F629B4E7F700E60B48 /* FavoriteRepository.swift */,
				FAFF901E29E1844A00624231 /* Repository.swift */,
			);
			path = Repositories;
			sourceTree = "<group>";
		};
		FAFF902329E18D6A00624231 /* Base */ = {
			isa = PBXGroup;
			children = (
				FA491FF7286C3FFE0093D917 /* GFPersistenceError.swift */,
				FAFB122729AE645200BB9A50 /* UserDefaultsManager.swift */,
				FAFB123129AECCD100BB9A50 /* ImageManager.swift */,
			);
			path = Base;
			sourceTree = "<group>";
		};
/* End PBXGroup section */

/* Begin PBXNativeTarget section */
		FAD77EFC28624E4D00740D21 /* GitHubUsers */ = {
			isa = PBXNativeTarget;
			buildConfigurationList = FAD77F1128624E4E00740D21 /* Build configuration list for PBXNativeTarget "GitHubUsers" */;
			buildPhases = (
				FAD77EF928624E4D00740D21 /* Sources */,
				FAD77EFA28624E4D00740D21 /* Frameworks */,
				FAD77EFB28624E4D00740D21 /* Resources */,
			);
			buildRules = (
			);
			dependencies = (
			);
			name = GitHubUsers;
			productName = GitHubUsers;
			productReference = FAD77EFD28624E4D00740D21 /* GitHubUsers.app */;
			productType = "com.apple.product-type.application";
		};
/* End PBXNativeTarget section */

/* Begin PBXProject section */
		FAD77EF528624E4D00740D21 /* Project object */ = {
			isa = PBXProject;
			attributes = {
				BuildIndependentTargetsInParallel = YES;
				LastSwiftUpdateCheck = 1320;
				LastUpgradeCheck = 1340;
				TargetAttributes = {
					FAD77EFC28624E4D00740D21 = {
						CreatedOnToolsVersion = 13.2.1;
					};
				};
			};
			buildConfigurationList = FAD77EF828624E4D00740D21 /* Build configuration list for PBXProject "GitHubUsers" */;
			compatibilityVersion = "Xcode 13.0";
			developmentRegion = en;
			hasScannedForEncodings = 0;
			knownRegions = (
				en,
				Base,
				es,
				fr,
			);
			mainGroup = FAD77EF428624E4D00740D21;
			productRefGroup = FAD77EFE28624E4D00740D21 /* Products */;
			projectDirPath = "";
			projectRoot = "";
			targets = (
				FAD77EFC28624E4D00740D21 /* GitHubUsers */,
			);
		};
/* End PBXProject section */

/* Begin PBXResourcesBuildPhase section */
		FAD77EFB28624E4D00740D21 /* Resources */ = {
			isa = PBXResourcesBuildPhase;
			buildActionMask = 2147483647;
			files = (
				FAD77F0A28624E4E00740D21 /* Assets.xcassets in Resources */,
				FA0B8AA1289489C8004CA10D /* Localizable.strings in Resources */,
			);
			runOnlyForDeploymentPostprocessing = 0;
		};
/* End PBXResourcesBuildPhase section */

/* Begin PBXSourcesBuildPhase section */
		FAD77EF928624E4D00740D21 /* Sources */ = {
			isa = PBXSourcesBuildPhase;
			buildActionMask = 2147483647;
			files = (
				FA5F23AD288DA7B4001BF427 /* SFSymbol.swift in Sources */,
				FA5F23A8288DA541001BF427 /* GFSecondaryTitleLabel.swift in Sources */,
				FAFB123229AECCD100BB9A50 /* ImageManager.swift in Sources */,
				FA54FD34288DAC700092D9EC /* GFBaseItem.swift in Sources */,
				FAD77F0128624E4D00740D21 /* AppDelegate.swift in Sources */,
				FAD77F0328624E4D00740D21 /* SceneDelegate.swift in Sources */,
				FAC7EC62286E4BA10087659D /* GFEmptyStateView.swift in Sources */,
				FA0B8AA628948B3F004CA10D /* String+Ext.swift in Sources */,
				FAFD88F929B4FB7600E60B48 /* FavoriteListViewController.swift in Sources */,
				FAA7953229B1354900B848F6 /* FavoriteListDataSource.swift in Sources */,
				FAA7953629B159FA00B848F6 /* SearchView.swift in Sources */,
				FA5F23B9288DA884001BF427 /* GFAlertContainerView.swift in Sources */,
				FAD77F1D28699AC000740D21 /* UserListViewController.swift in Sources */,
				FAD77F192868F8BD00740D21 /* GFButton.swift in Sources */,
				FA0B2DA7288AA4380063B8AB /* HTTPMethod.swift in Sources */,
				FA54FD32288DAC350092D9EC /* UIView+Ext.swift in Sources */,
				FA474A222890927C00C99761 /* GFItemInfoCardView.swift in Sources */,
				FA06D0BA29B40FE000F0BB7A /* UserListDataSource.swift in Sources */,
				FA06D0BE29B429BD00F0BB7A /* SearchDelegate.swift in Sources */,
				FA5F23AB288DA561001BF427 /* GFTextField.swift in Sources */,
				FAC7EC6A2871D79B0087659D /* GFImages.swift in Sources */,
				FA491FFE286C4EEE0093D917 /* GFAvatarImageView.swift in Sources */,
				FA5F23A1288DA4D2001BF427 /* GFTabBarController.swift in Sources */,
				FA474A252891454600C99761 /* GFItemInfoType.swift in Sources */,
				FA5F23A6288DA529001BF427 /* GFTitleLabel.swift in Sources */,
				FAFD88F729B4E7F700E60B48 /* FavoriteRepository.swift in Sources */,
				FAD77F232869A3E700740D21 /* GFAlertViewController.swift in Sources */,
				FA491FFB286C4E8E0093D917 /* GFFollowerCell.swift in Sources */,
				FA68332528917EF800828368 /* GFFollowingItem.swift in Sources */,
				FA0B2DB2288ABB520063B8AB /* UsersService.swift in Sources */,
				FAFF901F29E1844A00624231 /* Repository.swift in Sources */,
				FAF84E28288C7CCB007CEB34 /* ImageService.swift in Sources */,
				FAD77F1528625F6100740D21 /* SearchViewController.swift in Sources */,
				FA06D0C629B42CD700F0BB7A /* FavoriteListDelegate.swift in Sources */,
				FA0B2DAD288AA7170063B8AB /* UsersEndpoint.swift in Sources */,
				FA0B2D9D2888A3E50063B8AB /* KeyboardDismissable.swift in Sources */,
				FA5F239E288DA497001BF427 /* UserInfo.swift in Sources */,
				FAA7953829B16AD700B848F6 /* HasCustomView.swift in Sources */,
				FAC7EC662871AD730087659D /* GFUserInfoHeaderView.swift in Sources */,
				FAFB122829AE645200BB9A50 /* UserDefaultsManager.swift in Sources */,
				FA5F23AF288DA7E6001BF427 /* UICollectionViewFlowLayout+Ext.swift in Sources */,
				FA5F23B1288DA7FE001BF427 /* Date+Ext.swift in Sources */,
				FAC7EC6F2871EC9E0087659D /* GFBaseCardView.swift in Sources */,
				FA0B2DA5288AA42C0063B8AB /* Endpoint.swift in Sources */,
				FAFB123429AF881C00BB9A50 /* Bundle+Ext.swift in Sources */,
				FA491FEF286A0A840093D917 /* Userable.swift in Sources */,
				FA474A1E2890916500C99761 /* GFGitHubProfileButtonCardView.swift in Sources */,
				FA491FF8286C3FFE0093D917 /* GFPersistenceError.swift in Sources */,
				FA0B2DA9288AA4540063B8AB /* GFNetworkError.swift in Sources */,
				FAA7953A29B1F9A300B848F6 /* UserInfoView.swift in Sources */,
				FAF84E26288C62FE007CEB34 /* Cache.swift in Sources */,
				FA491FF5286BB42F0093D917 /* HTTPClient.swift in Sources */,
				FA474A01288EAD7500C99761 /* User.swift in Sources */,
				FA0B2D7F287430680063B8AB /* GFFavoriteCell.swift in Sources */,
				FA06D0C029B42A2B00F0BB7A /* UserInfoDelegate.swift in Sources */,
				FA491FE52869AAB40093D917 /* UIViewController+Ext.swift in Sources */,
				FA06D0BC29B419AA00F0BB7A /* FavoriteListView.swift in Sources */,
				FA06D0C229B42B1E00F0BB7A /* UserListDelegate.swift in Sources */,
				FA68332328917EF200828368 /* GFFollowersItem.swift in Sources */,
				FA5F23A4288DA51B001BF427 /* GFBodyLabel.swift in Sources */,
				FAC7EC642870889E0087659D /* UserInfoViewController.swift in Sources */,
			);
			runOnlyForDeploymentPostprocessing = 0;
		};
/* End PBXSourcesBuildPhase section */

/* Begin PBXVariantGroup section */
		FA0B8AA3289489C8004CA10D /* Localizable.strings */ = {
			isa = PBXVariantGroup;
			children = (
				FA0B8AA2289489C8004CA10D /* en */,
				FA0B8AA4289489CB004CA10D /* es */,
				FA0B8AA728953D90004CA10D /* fr */,
			);
			name = Localizable.strings;
			sourceTree = "<group>";
		};
/* End PBXVariantGroup section */

/* Begin XCBuildConfiguration section */
		FAD77F0F28624E4E00740D21 /* Debug */ = {
			isa = XCBuildConfiguration;
			buildSettings = {
				ALWAYS_SEARCH_USER_PATHS = NO;
				CLANG_ANALYZER_LOCALIZABILITY_NONLOCALIZED = YES;
				CLANG_ANALYZER_NONNULL = YES;
				CLANG_ANALYZER_NUMBER_OBJECT_CONVERSION = YES_AGGRESSIVE;
				CLANG_CXX_LANGUAGE_STANDARD = "gnu++17";
				CLANG_CXX_LIBRARY = "libc++";
				CLANG_ENABLE_MODULES = YES;
				CLANG_ENABLE_OBJC_ARC = YES;
				CLANG_ENABLE_OBJC_WEAK = YES;
				CLANG_WARN_BLOCK_CAPTURE_AUTORELEASING = YES;
				CLANG_WARN_BOOL_CONVERSION = YES;
				CLANG_WARN_COMMA = YES;
				CLANG_WARN_CONSTANT_CONVERSION = YES;
				CLANG_WARN_DEPRECATED_OBJC_IMPLEMENTATIONS = YES;
				CLANG_WARN_DIRECT_OBJC_ISA_USAGE = YES_ERROR;
				CLANG_WARN_DOCUMENTATION_COMMENTS = YES;
				CLANG_WARN_EMPTY_BODY = YES;
				CLANG_WARN_ENUM_CONVERSION = YES;
				CLANG_WARN_INFINITE_RECURSION = YES;
				CLANG_WARN_INT_CONVERSION = YES;
				CLANG_WARN_NON_LITERAL_NULL_CONVERSION = YES;
				CLANG_WARN_OBJC_IMPLICIT_RETAIN_SELF = YES;
				CLANG_WARN_OBJC_LITERAL_CONVERSION = YES;
				CLANG_WARN_OBJC_ROOT_CLASS = YES_ERROR;
				CLANG_WARN_QUOTED_INCLUDE_IN_FRAMEWORK_HEADER = YES;
				CLANG_WARN_RANGE_LOOP_ANALYSIS = YES;
				CLANG_WARN_STRICT_PROTOTYPES = YES;
				CLANG_WARN_SUSPICIOUS_MOVE = YES;
				CLANG_WARN_UNGUARDED_AVAILABILITY = YES_AGGRESSIVE;
				CLANG_WARN_UNREACHABLE_CODE = YES;
				CLANG_WARN__DUPLICATE_METHOD_MATCH = YES;
				COPY_PHASE_STRIP = NO;
				DEBUG_INFORMATION_FORMAT = dwarf;
				ENABLE_STRICT_OBJC_MSGSEND = YES;
				ENABLE_TESTABILITY = YES;
				GCC_C_LANGUAGE_STANDARD = gnu11;
				GCC_DYNAMIC_NO_PIC = NO;
				GCC_NO_COMMON_BLOCKS = YES;
				GCC_OPTIMIZATION_LEVEL = 0;
				GCC_PREPROCESSOR_DEFINITIONS = (
					"DEBUG=1",
					"$(inherited)",
				);
				GCC_WARN_64_TO_32_BIT_CONVERSION = YES;
				GCC_WARN_ABOUT_RETURN_TYPE = YES_ERROR;
				GCC_WARN_UNDECLARED_SELECTOR = YES;
				GCC_WARN_UNINITIALIZED_AUTOS = YES_AGGRESSIVE;
				GCC_WARN_UNUSED_FUNCTION = YES;
				GCC_WARN_UNUSED_VARIABLE = YES;
				IPHONEOS_DEPLOYMENT_TARGET = 15.2;
				MTL_ENABLE_DEBUG_INFO = INCLUDE_SOURCE;
				MTL_FAST_MATH = YES;
				ONLY_ACTIVE_ARCH = YES;
				SDKROOT = iphoneos;
				SWIFT_ACTIVE_COMPILATION_CONDITIONS = DEBUG;
				SWIFT_OPTIMIZATION_LEVEL = "-Onone";
			};
			name = Debug;
		};
		FAD77F1028624E4E00740D21 /* Release */ = {
			isa = XCBuildConfiguration;
			buildSettings = {
				ALWAYS_SEARCH_USER_PATHS = NO;
				CLANG_ANALYZER_LOCALIZABILITY_NONLOCALIZED = YES;
				CLANG_ANALYZER_NONNULL = YES;
				CLANG_ANALYZER_NUMBER_OBJECT_CONVERSION = YES_AGGRESSIVE;
				CLANG_CXX_LANGUAGE_STANDARD = "gnu++17";
				CLANG_CXX_LIBRARY = "libc++";
				CLANG_ENABLE_MODULES = YES;
				CLANG_ENABLE_OBJC_ARC = YES;
				CLANG_ENABLE_OBJC_WEAK = YES;
				CLANG_WARN_BLOCK_CAPTURE_AUTORELEASING = YES;
				CLANG_WARN_BOOL_CONVERSION = YES;
				CLANG_WARN_COMMA = YES;
				CLANG_WARN_CONSTANT_CONVERSION = YES;
				CLANG_WARN_DEPRECATED_OBJC_IMPLEMENTATIONS = YES;
				CLANG_WARN_DIRECT_OBJC_ISA_USAGE = YES_ERROR;
				CLANG_WARN_DOCUMENTATION_COMMENTS = YES;
				CLANG_WARN_EMPTY_BODY = YES;
				CLANG_WARN_ENUM_CONVERSION = YES;
				CLANG_WARN_INFINITE_RECURSION = YES;
				CLANG_WARN_INT_CONVERSION = YES;
				CLANG_WARN_NON_LITERAL_NULL_CONVERSION = YES;
				CLANG_WARN_OBJC_IMPLICIT_RETAIN_SELF = YES;
				CLANG_WARN_OBJC_LITERAL_CONVERSION = YES;
				CLANG_WARN_OBJC_ROOT_CLASS = YES_ERROR;
				CLANG_WARN_QUOTED_INCLUDE_IN_FRAMEWORK_HEADER = YES;
				CLANG_WARN_RANGE_LOOP_ANALYSIS = YES;
				CLANG_WARN_STRICT_PROTOTYPES = YES;
				CLANG_WARN_SUSPICIOUS_MOVE = YES;
				CLANG_WARN_UNGUARDED_AVAILABILITY = YES_AGGRESSIVE;
				CLANG_WARN_UNREACHABLE_CODE = YES;
				CLANG_WARN__DUPLICATE_METHOD_MATCH = YES;
				COPY_PHASE_STRIP = NO;
				DEBUG_INFORMATION_FORMAT = "dwarf-with-dsym";
				ENABLE_NS_ASSERTIONS = NO;
				ENABLE_STRICT_OBJC_MSGSEND = YES;
				GCC_C_LANGUAGE_STANDARD = gnu11;
				GCC_NO_COMMON_BLOCKS = YES;
				GCC_WARN_64_TO_32_BIT_CONVERSION = YES;
				GCC_WARN_ABOUT_RETURN_TYPE = YES_ERROR;
				GCC_WARN_UNDECLARED_SELECTOR = YES;
				GCC_WARN_UNINITIALIZED_AUTOS = YES_AGGRESSIVE;
				GCC_WARN_UNUSED_FUNCTION = YES;
				GCC_WARN_UNUSED_VARIABLE = YES;
				IPHONEOS_DEPLOYMENT_TARGET = 15.2;
				MTL_ENABLE_DEBUG_INFO = NO;
				MTL_FAST_MATH = YES;
				SDKROOT = iphoneos;
				SWIFT_COMPILATION_MODE = wholemodule;
				SWIFT_OPTIMIZATION_LEVEL = "-O";
				VALIDATE_PRODUCT = YES;
			};
			name = Release;
		};
		FAD77F1228624E4E00740D21 /* Debug */ = {
			isa = XCBuildConfiguration;
			buildSettings = {
				ASSETCATALOG_COMPILER_APPICON_NAME = AppIcon;
				ASSETCATALOG_COMPILER_GLOBAL_ACCENT_COLOR_NAME = AccentColor;
				CODE_SIGN_STYLE = Automatic;
				CURRENT_PROJECT_VERSION = 3;
				DEVELOPMENT_TEAM = M992YBC7DL;
				GENERATE_INFOPLIST_FILE = YES;
				INFOPLIST_FILE = GitHubUsers/Info.plist;
				INFOPLIST_KEY_CFBundleDisplayName = "GitHub Users";
				INFOPLIST_KEY_UIApplicationSupportsIndirectInputEvents = YES;
				INFOPLIST_KEY_UILaunchStoryboardName = LaunchScreen;
				INFOPLIST_KEY_UISupportedInterfaceOrientations_iPad = "UIInterfaceOrientationPortrait UIInterfaceOrientationPortraitUpsideDown UIInterfaceOrientationLandscapeLeft UIInterfaceOrientationLandscapeRight";
				INFOPLIST_KEY_UISupportedInterfaceOrientations_iPhone = "UIInterfaceOrientationPortrait UIInterfaceOrientationLandscapeLeft UIInterfaceOrientationLandscapeRight";
				LD_RUNPATH_SEARCH_PATHS = (
					"$(inherited)",
					"@executable_path/Frameworks",
				);
				MARKETING_VERSION = 1.0;
				PRODUCT_BUNDLE_IDENTIFIER = com.henestrosaconh.GitHubUsers;
				PRODUCT_NAME = "$(TARGET_NAME)";
				SWIFT_EMIT_LOC_STRINGS = YES;
				SWIFT_VERSION = 5.0;
				TARGETED_DEVICE_FAMILY = "1,2";
			};
			name = Debug;
		};
		FAD77F1328624E4E00740D21 /* Release */ = {
			isa = XCBuildConfiguration;
			buildSettings = {
				ASSETCATALOG_COMPILER_APPICON_NAME = AppIcon;
				ASSETCATALOG_COMPILER_GLOBAL_ACCENT_COLOR_NAME = AccentColor;
				CODE_SIGN_STYLE = Automatic;
				CURRENT_PROJECT_VERSION = 3;
				DEVELOPMENT_TEAM = M992YBC7DL;
				GENERATE_INFOPLIST_FILE = YES;
				INFOPLIST_FILE = GitHubUsers/Info.plist;
				INFOPLIST_KEY_CFBundleDisplayName = "GitHub Users";
				INFOPLIST_KEY_UIApplicationSupportsIndirectInputEvents = YES;
				INFOPLIST_KEY_UILaunchStoryboardName = LaunchScreen;
				INFOPLIST_KEY_UISupportedInterfaceOrientations_iPad = "UIInterfaceOrientationPortrait UIInterfaceOrientationPortraitUpsideDown UIInterfaceOrientationLandscapeLeft UIInterfaceOrientationLandscapeRight";
				INFOPLIST_KEY_UISupportedInterfaceOrientations_iPhone = "UIInterfaceOrientationPortrait UIInterfaceOrientationLandscapeLeft UIInterfaceOrientationLandscapeRight";
				LD_RUNPATH_SEARCH_PATHS = (
					"$(inherited)",
					"@executable_path/Frameworks",
				);
				MARKETING_VERSION = 1.0;
				PRODUCT_BUNDLE_IDENTIFIER = com.henestrosaconh.GitHubUsers;
				PRODUCT_NAME = "$(TARGET_NAME)";
				SWIFT_EMIT_LOC_STRINGS = YES;
				SWIFT_VERSION = 5.0;
				TARGETED_DEVICE_FAMILY = "1,2";
			};
			name = Release;
		};
/* End XCBuildConfiguration section */

/* Begin XCConfigurationList section */
		FAD77EF828624E4D00740D21 /* Build configuration list for PBXProject "GitHubUsers" */ = {
			isa = XCConfigurationList;
			buildConfigurations = (
				FAD77F0F28624E4E00740D21 /* Debug */,
				FAD77F1028624E4E00740D21 /* Release */,
			);
			defaultConfigurationIsVisible = 0;
			defaultConfigurationName = Release;
		};
		FAD77F1128624E4E00740D21 /* Build configuration list for PBXNativeTarget "GitHubUsers" */ = {
			isa = XCConfigurationList;
			buildConfigurations = (
				FAD77F1228624E4E00740D21 /* Debug */,
				FAD77F1328624E4E00740D21 /* Release */,
			);
			defaultConfigurationIsVisible = 0;
			defaultConfigurationName = Release;
		};
/* End XCConfigurationList section */
	};
	rootObject = FAD77EF528624E4D00740D21 /* Project object */;
}
