// !$*UTF8*$!
{
	archiveVersion = 1;
	classes = {
	};
	objectVersion = 55;
	objects = {

/* Begin PBXBuildFile section */
		FA0B2D7F287430680063B8AB /* GFFavoriteCell.swift in Sources */ = {isa = PBXBuildFile; fileRef = FA0B2D7E287430670063B8AB /* GFFavoriteCell.swift */; };
		FA0B2D83287C84930063B8AB /* GFTabBarController.swift in Sources */ = {isa = PBXBuildFile; fileRef = FA0B2D82287C84920063B8AB /* GFTabBarController.swift */; };
		FA0B2D85287CCB550063B8AB /* GFAlertContainerView.swift in Sources */ = {isa = PBXBuildFile; fileRef = FA0B2D84287CCB550063B8AB /* GFAlertContainerView.swift */; };
		FA0B2D9A28870F2A0063B8AB /* SFSymbols.swift in Sources */ = {isa = PBXBuildFile; fileRef = FA0B2D9928870F2A0063B8AB /* SFSymbols.swift */; };
		FA0B2D9D2888A3E50063B8AB /* NonoverlappingKeyboard.swift in Sources */ = {isa = PBXBuildFile; fileRef = FA0B2D9C2888A3E50063B8AB /* NonoverlappingKeyboard.swift */; };
		FA0B2D9F288948710063B8AB /* UIView+Ext.swift in Sources */ = {isa = PBXBuildFile; fileRef = FA0B2D9E288948710063B8AB /* UIView+Ext.swift */; };
		FA0B2DA128895A8A0063B8AB /* UITableView+Ext.swift in Sources */ = {isa = PBXBuildFile; fileRef = FA0B2DA028895A890063B8AB /* UITableView+Ext.swift */; };
		FA491FE52869AAB40093D917 /* UIViewController+Ext.swift in Sources */ = {isa = PBXBuildFile; fileRef = FA491FE42869AAB40093D917 /* UIViewController+Ext.swift */; };
		FA491FEF286A0A840093D917 /* Follower.swift in Sources */ = {isa = PBXBuildFile; fileRef = FA491FEE286A0A840093D917 /* Follower.swift */; };
		FA491FF1286A0BC80093D917 /* User.swift in Sources */ = {isa = PBXBuildFile; fileRef = FA491FF0286A0BC70093D917 /* User.swift */; };
		FA491FF5286BB42F0093D917 /* NetworkManager.swift in Sources */ = {isa = PBXBuildFile; fileRef = FA491FF4286BB42F0093D917 /* NetworkManager.swift */; };
		FA491FF8286C3FFE0093D917 /* GFError.swift in Sources */ = {isa = PBXBuildFile; fileRef = FA491FF7286C3FFE0093D917 /* GFError.swift */; };
		FA491FFB286C4E8E0093D917 /* GFFollowerCell.swift in Sources */ = {isa = PBXBuildFile; fileRef = FA491FFA286C4E8E0093D917 /* GFFollowerCell.swift */; };
		FA491FFE286C4EEE0093D917 /* GFAvatarImageView.swift in Sources */ = {isa = PBXBuildFile; fileRef = FA491FFD286C4EEE0093D917 /* GFAvatarImageView.swift */; };
		FA492003286CB3140093D917 /* UICollectionViewFlowLayout+Ext.swift in Sources */ = {isa = PBXBuildFile; fileRef = FA492002286CB3140093D917 /* UICollectionViewFlowLayout+Ext.swift */; };
		FAC7EC62286E4BA10087659D /* GFEmptyStateView.swift in Sources */ = {isa = PBXBuildFile; fileRef = FAC7EC61286E4BA10087659D /* GFEmptyStateView.swift */; };
		FAC7EC642870889E0087659D /* UserInfoVC.swift in Sources */ = {isa = PBXBuildFile; fileRef = FAC7EC632870889D0087659D /* UserInfoVC.swift */; };
		FAC7EC662871AD730087659D /* GFUserInfoHeaderVC.swift in Sources */ = {isa = PBXBuildFile; fileRef = FAC7EC652871AD730087659D /* GFUserInfoHeaderVC.swift */; };
		FAC7EC682871B0C60087659D /* GFSecondaryTitleLabel.swift in Sources */ = {isa = PBXBuildFile; fileRef = FAC7EC672871B0C60087659D /* GFSecondaryTitleLabel.swift */; };
		FAC7EC6A2871D79B0087659D /* Images.swift in Sources */ = {isa = PBXBuildFile; fileRef = FAC7EC692871D79B0087659D /* Images.swift */; };
		FAC7EC6C2871E3690087659D /* GFItemInfoView.swift in Sources */ = {isa = PBXBuildFile; fileRef = FAC7EC6B2871E3690087659D /* GFItemInfoView.swift */; };
		FAC7EC6F2871EC9E0087659D /* GFBaseCardVC.swift in Sources */ = {isa = PBXBuildFile; fileRef = FAC7EC6E2871EC9E0087659D /* GFBaseCardVC.swift */; };
		FAC7EC712871F0BC0087659D /* GFReposCardVC.swift in Sources */ = {isa = PBXBuildFile; fileRef = FAC7EC702871F0BC0087659D /* GFReposCardVC.swift */; };
		FAC7EC732871F22C0087659D /* GFFollowersCardVC.swift in Sources */ = {isa = PBXBuildFile; fileRef = FAC7EC722871F22C0087659D /* GFFollowersCardVC.swift */; };
		FAC7EC752871FBE60087659D /* Date+Ext.swift in Sources */ = {isa = PBXBuildFile; fileRef = FAC7EC742871FBE60087659D /* Date+Ext.swift */; };
		FAC7EC7728723EB00087659D /* PersistenceManager.swift in Sources */ = {isa = PBXBuildFile; fileRef = FAC7EC7628723EB00087659D /* PersistenceManager.swift */; };
		FAD77F0128624E4D00740D21 /* AppDelegate.swift in Sources */ = {isa = PBXBuildFile; fileRef = FAD77F0028624E4D00740D21 /* AppDelegate.swift */; };
		FAD77F0328624E4D00740D21 /* SceneDelegate.swift in Sources */ = {isa = PBXBuildFile; fileRef = FAD77F0228624E4D00740D21 /* SceneDelegate.swift */; };
		FAD77F0A28624E4E00740D21 /* Assets.xcassets in Resources */ = {isa = PBXBuildFile; fileRef = FAD77F0928624E4E00740D21 /* Assets.xcassets */; };
		FAD77F0D28624E4E00740D21 /* LaunchScreen.storyboard in Resources */ = {isa = PBXBuildFile; fileRef = FAD77F0B28624E4E00740D21 /* LaunchScreen.storyboard */; };
		FAD77F1528625F6100740D21 /* SearchVC.swift in Sources */ = {isa = PBXBuildFile; fileRef = FAD77F1428625F6000740D21 /* SearchVC.swift */; };
		FAD77F172862601E00740D21 /* FavoritesListVC.swift in Sources */ = {isa = PBXBuildFile; fileRef = FAD77F162862601E00740D21 /* FavoritesListVC.swift */; };
		FAD77F192868F8BD00740D21 /* GFButton.swift in Sources */ = {isa = PBXBuildFile; fileRef = FAD77F182868F8BD00740D21 /* GFButton.swift */; };
		FAD77F1B2868FB5700740D21 /* GFTextField.swift in Sources */ = {isa = PBXBuildFile; fileRef = FAD77F1A2868FB5700740D21 /* GFTextField.swift */; };
		FAD77F1D28699AC000740D21 /* FollowersListVC.swift in Sources */ = {isa = PBXBuildFile; fileRef = FAD77F1C28699AC000740D21 /* FollowersListVC.swift */; };
		FAD77F1F2869A17B00740D21 /* GFTitleLabel.swift in Sources */ = {isa = PBXBuildFile; fileRef = FAD77F1E2869A17B00740D21 /* GFTitleLabel.swift */; };
		FAD77F212869A2D800740D21 /* GFBodyLabel.swift in Sources */ = {isa = PBXBuildFile; fileRef = FAD77F202869A2D800740D21 /* GFBodyLabel.swift */; };
		FAD77F232869A3E700740D21 /* GFAlertVC.swift in Sources */ = {isa = PBXBuildFile; fileRef = FAD77F222869A3E700740D21 /* GFAlertVC.swift */; };
/* End PBXBuildFile section */

/* Begin PBXFileReference section */
		FA0B2D7E287430670063B8AB /* GFFavoriteCell.swift */ = {isa = PBXFileReference; lastKnownFileType = sourcecode.swift; path = GFFavoriteCell.swift; sourceTree = "<group>"; };
		FA0B2D82287C84920063B8AB /* GFTabBarController.swift */ = {isa = PBXFileReference; lastKnownFileType = sourcecode.swift; path = GFTabBarController.swift; sourceTree = "<group>"; };
		FA0B2D84287CCB550063B8AB /* GFAlertContainerView.swift */ = {isa = PBXFileReference; lastKnownFileType = sourcecode.swift; path = GFAlertContainerView.swift; sourceTree = "<group>"; };
		FA0B2D9928870F2A0063B8AB /* SFSymbols.swift */ = {isa = PBXFileReference; lastKnownFileType = sourcecode.swift; path = SFSymbols.swift; sourceTree = "<group>"; };
		FA0B2D9C2888A3E50063B8AB /* NonoverlappingKeyboard.swift */ = {isa = PBXFileReference; lastKnownFileType = sourcecode.swift; path = NonoverlappingKeyboard.swift; sourceTree = "<group>"; };
		FA0B2D9E288948710063B8AB /* UIView+Ext.swift */ = {isa = PBXFileReference; lastKnownFileType = sourcecode.swift; path = "UIView+Ext.swift"; sourceTree = "<group>"; };
		FA0B2DA028895A890063B8AB /* UITableView+Ext.swift */ = {isa = PBXFileReference; lastKnownFileType = sourcecode.swift; path = "UITableView+Ext.swift"; sourceTree = "<group>"; };
		FA491FE42869AAB40093D917 /* UIViewController+Ext.swift */ = {isa = PBXFileReference; lastKnownFileType = sourcecode.swift; path = "UIViewController+Ext.swift"; sourceTree = "<group>"; };
		FA491FEE286A0A840093D917 /* Follower.swift */ = {isa = PBXFileReference; lastKnownFileType = sourcecode.swift; path = Follower.swift; sourceTree = "<group>"; };
		FA491FF0286A0BC70093D917 /* User.swift */ = {isa = PBXFileReference; lastKnownFileType = sourcecode.swift; path = User.swift; sourceTree = "<group>"; };
		FA491FF4286BB42F0093D917 /* NetworkManager.swift */ = {isa = PBXFileReference; lastKnownFileType = sourcecode.swift; path = NetworkManager.swift; sourceTree = "<group>"; };
		FA491FF7286C3FFE0093D917 /* GFError.swift */ = {isa = PBXFileReference; lastKnownFileType = sourcecode.swift; path = GFError.swift; sourceTree = "<group>"; };
		FA491FFA286C4E8E0093D917 /* GFFollowerCell.swift */ = {isa = PBXFileReference; lastKnownFileType = sourcecode.swift; path = GFFollowerCell.swift; sourceTree = "<group>"; };
		FA491FFD286C4EEE0093D917 /* GFAvatarImageView.swift */ = {isa = PBXFileReference; lastKnownFileType = sourcecode.swift; path = GFAvatarImageView.swift; sourceTree = "<group>"; };
		FA492002286CB3140093D917 /* UICollectionViewFlowLayout+Ext.swift */ = {isa = PBXFileReference; lastKnownFileType = sourcecode.swift; path = "UICollectionViewFlowLayout+Ext.swift"; sourceTree = "<group>"; };
		FAC7EC61286E4BA10087659D /* GFEmptyStateView.swift */ = {isa = PBXFileReference; lastKnownFileType = sourcecode.swift; path = GFEmptyStateView.swift; sourceTree = "<group>"; };
		FAC7EC632870889D0087659D /* UserInfoVC.swift */ = {isa = PBXFileReference; lastKnownFileType = sourcecode.swift; path = UserInfoVC.swift; sourceTree = "<group>"; };
		FAC7EC652871AD730087659D /* GFUserInfoHeaderVC.swift */ = {isa = PBXFileReference; lastKnownFileType = sourcecode.swift; path = GFUserInfoHeaderVC.swift; sourceTree = "<group>"; };
		FAC7EC672871B0C60087659D /* GFSecondaryTitleLabel.swift */ = {isa = PBXFileReference; lastKnownFileType = sourcecode.swift; path = GFSecondaryTitleLabel.swift; sourceTree = "<group>"; };
		FAC7EC692871D79B0087659D /* Images.swift */ = {isa = PBXFileReference; lastKnownFileType = sourcecode.swift; path = Images.swift; sourceTree = "<group>"; };
		FAC7EC6B2871E3690087659D /* GFItemInfoView.swift */ = {isa = PBXFileReference; lastKnownFileType = sourcecode.swift; path = GFItemInfoView.swift; sourceTree = "<group>"; };
		FAC7EC6E2871EC9E0087659D /* GFBaseCardVC.swift */ = {isa = PBXFileReference; lastKnownFileType = sourcecode.swift; path = GFBaseCardVC.swift; sourceTree = "<group>"; };
		FAC7EC702871F0BC0087659D /* GFReposCardVC.swift */ = {isa = PBXFileReference; lastKnownFileType = sourcecode.swift; path = GFReposCardVC.swift; sourceTree = "<group>"; };
		FAC7EC722871F22C0087659D /* GFFollowersCardVC.swift */ = {isa = PBXFileReference; lastKnownFileType = sourcecode.swift; path = GFFollowersCardVC.swift; sourceTree = "<group>"; };
		FAC7EC742871FBE60087659D /* Date+Ext.swift */ = {isa = PBXFileReference; lastKnownFileType = sourcecode.swift; path = "Date+Ext.swift"; sourceTree = "<group>"; };
		FAC7EC7628723EB00087659D /* PersistenceManager.swift */ = {isa = PBXFileReference; lastKnownFileType = sourcecode.swift; path = PersistenceManager.swift; sourceTree = "<group>"; };
		FAD77EFD28624E4D00740D21 /* GitHubFollowers.app */ = {isa = PBXFileReference; explicitFileType = wrapper.application; includeInIndex = 0; path = GitHubFollowers.app; sourceTree = BUILT_PRODUCTS_DIR; };
		FAD77F0028624E4D00740D21 /* AppDelegate.swift */ = {isa = PBXFileReference; lastKnownFileType = sourcecode.swift; path = AppDelegate.swift; sourceTree = "<group>"; };
		FAD77F0228624E4D00740D21 /* SceneDelegate.swift */ = {isa = PBXFileReference; lastKnownFileType = sourcecode.swift; path = SceneDelegate.swift; sourceTree = "<group>"; };
		FAD77F0928624E4E00740D21 /* Assets.xcassets */ = {isa = PBXFileReference; lastKnownFileType = folder.assetcatalog; path = Assets.xcassets; sourceTree = "<group>"; };
		FAD77F0C28624E4E00740D21 /* Base */ = {isa = PBXFileReference; lastKnownFileType = file.storyboard; name = Base; path = Base.lproj/LaunchScreen.storyboard; sourceTree = "<group>"; };
		FAD77F0E28624E4E00740D21 /* Info.plist */ = {isa = PBXFileReference; lastKnownFileType = text.plist.xml; path = Info.plist; sourceTree = "<group>"; };
		FAD77F1428625F6000740D21 /* SearchVC.swift */ = {isa = PBXFileReference; lastKnownFileType = sourcecode.swift; path = SearchVC.swift; sourceTree = "<group>"; };
		FAD77F162862601E00740D21 /* FavoritesListVC.swift */ = {isa = PBXFileReference; lastKnownFileType = sourcecode.swift; path = FavoritesListVC.swift; sourceTree = "<group>"; };
		FAD77F182868F8BD00740D21 /* GFButton.swift */ = {isa = PBXFileReference; lastKnownFileType = sourcecode.swift; path = GFButton.swift; sourceTree = "<group>"; };
		FAD77F1A2868FB5700740D21 /* GFTextField.swift */ = {isa = PBXFileReference; lastKnownFileType = sourcecode.swift; path = GFTextField.swift; sourceTree = "<group>"; };
		FAD77F1C28699AC000740D21 /* FollowersListVC.swift */ = {isa = PBXFileReference; lastKnownFileType = sourcecode.swift; path = FollowersListVC.swift; sourceTree = "<group>"; };
		FAD77F1E2869A17B00740D21 /* GFTitleLabel.swift */ = {isa = PBXFileReference; lastKnownFileType = sourcecode.swift; path = GFTitleLabel.swift; sourceTree = "<group>"; };
		FAD77F202869A2D800740D21 /* GFBodyLabel.swift */ = {isa = PBXFileReference; lastKnownFileType = sourcecode.swift; path = GFBodyLabel.swift; sourceTree = "<group>"; };
		FAD77F222869A3E700740D21 /* GFAlertVC.swift */ = {isa = PBXFileReference; lastKnownFileType = sourcecode.swift; path = GFAlertVC.swift; sourceTree = "<group>"; };
/* End PBXFileReference section */

/* Begin PBXFrameworksBuildPhase section */
		FAD77EFA28624E4D00740D21 /* Frameworks */ = {
			isa = PBXFrameworksBuildPhase;
			buildActionMask = 2147483647;
			files = (
			);
			runOnlyForDeploymentPostprocessing = 0;
		};
/* End PBXFrameworksBuildPhase section */

/* Begin PBXGroup section */
		FA0B2D80287432A00063B8AB /* UITableViewCell */ = {
			isa = PBXGroup;
			children = (
				FA0B2D7E287430670063B8AB /* GFFavoriteCell.swift */,
			);
			path = UITableViewCell;
			sourceTree = "<group>";
		};
		FA0B2D81287C84670063B8AB /* UITabBarController */ = {
			isa = PBXGroup;
			children = (
				FA0B2D82287C84920063B8AB /* GFTabBarController.swift */,
			);
			path = UITabBarController;
			sourceTree = "<group>";
		};
		FA0B2D9B28889A8C0063B8AB /* Protocols */ = {
			isa = PBXGroup;
			children = (
				FA0B2D9C2888A3E50063B8AB /* NonoverlappingKeyboard.swift */,
			);
			path = Protocols;
			sourceTree = "<group>";
		};
		FA491FE62869B0E50093D917 /* Views */ = {
			isa = PBXGroup;
			children = (
				FAD77F1428625F6000740D21 /* SearchVC.swift */,
				FAD77F1C28699AC000740D21 /* FollowersListVC.swift */,
				FAD77F162862601E00740D21 /* FavoritesListVC.swift */,
				FAC7EC632870889D0087659D /* UserInfoVC.swift */,
			);
			path = Views;
			sourceTree = "<group>";
		};
		FA491FE72869B1450093D917 /* Components */ = {
			isa = PBXGroup;
			children = (
				FA0B2D81287C84670063B8AB /* UITabBarController */,
				FA0B2D80287432A00063B8AB /* UITableViewCell */,
				FA491FE92869B3B30093D917 /* UIButton */,
				FA491FF9286C4DBF0093D917 /* UICollectionViewCell */,
				FA491FFC286C4ED40093D917 /* UIImageView */,
				FA491FEB2869B3D20093D917 /* UILabel */,
				FA491FEC2869B3E30093D917 /* UITextField */,
				FAC7EC60286E4B880087659D /* UIView */,
				FAC7EC5F286E4B570087659D /* UIViewController */,
			);
			path = Components;
			sourceTree = "<group>";
		};
		FA491FE82869B1790093D917 /* Extensions */ = {
			isa = PBXGroup;
			children = (
				FA491FE42869AAB40093D917 /* UIViewController+Ext.swift */,
				FA492002286CB3140093D917 /* UICollectionViewFlowLayout+Ext.swift */,
				FAC7EC742871FBE60087659D /* Date+Ext.swift */,
				FA0B2D9E288948710063B8AB /* UIView+Ext.swift */,
				FA0B2DA028895A890063B8AB /* UITableView+Ext.swift */,
			);
			path = Extensions;
			sourceTree = "<group>";
		};
		FA491FE92869B3B30093D917 /* UIButton */ = {
			isa = PBXGroup;
			children = (
				FAD77F182868F8BD00740D21 /* GFButton.swift */,
			);
			path = UIButton;
			sourceTree = "<group>";
		};
		FA491FEB2869B3D20093D917 /* UILabel */ = {
			isa = PBXGroup;
			children = (
				FAD77F1E2869A17B00740D21 /* GFTitleLabel.swift */,
				FAD77F202869A2D800740D21 /* GFBodyLabel.swift */,
				FAC7EC672871B0C60087659D /* GFSecondaryTitleLabel.swift */,
			);
			path = UILabel;
			sourceTree = "<group>";
		};
		FA491FEC2869B3E30093D917 /* UITextField */ = {
			isa = PBXGroup;
			children = (
				FAD77F1A2868FB5700740D21 /* GFTextField.swift */,
			);
			path = UITextField;
			sourceTree = "<group>";
		};
		FA491FED286A0A6C0093D917 /* Models */ = {
			isa = PBXGroup;
			children = (
				FA491FEE286A0A840093D917 /* Follower.swift */,
				FA491FF0286A0BC70093D917 /* User.swift */,
			);
			path = Models;
			sourceTree = "<group>";
		};
		FA491FF3286BB41A0093D917 /* Managers */ = {
			isa = PBXGroup;
			children = (
				FA491FF4286BB42F0093D917 /* NetworkManager.swift */,
				FAC7EC7628723EB00087659D /* PersistenceManager.swift */,
			);
			path = Managers;
			sourceTree = "<group>";
		};
		FA491FF6286C3FED0093D917 /* Utils */ = {
			isa = PBXGroup;
			children = (
				FA491FF7286C3FFE0093D917 /* GFError.swift */,
				FAC7EC692871D79B0087659D /* Images.swift */,
				FA0B2D9928870F2A0063B8AB /* SFSymbols.swift */,
			);
			path = Utils;
			sourceTree = "<group>";
		};
		FA491FF9286C4DBF0093D917 /* UICollectionViewCell */ = {
			isa = PBXGroup;
			children = (
				FA491FFA286C4E8E0093D917 /* GFFollowerCell.swift */,
			);
			path = UICollectionViewCell;
			sourceTree = "<group>";
		};
		FA491FFC286C4ED40093D917 /* UIImageView */ = {
			isa = PBXGroup;
			children = (
				FA491FFD286C4EEE0093D917 /* GFAvatarImageView.swift */,
			);
			path = UIImageView;
			sourceTree = "<group>";
		};
		FAC7EC5F286E4B570087659D /* UIViewController */ = {
			isa = PBXGroup;
			children = (
				FAC7EC6D2871EC680087659D /* GFCard */,
				FAD77F222869A3E700740D21 /* GFAlertVC.swift */,
				FAC7EC652871AD730087659D /* GFUserInfoHeaderVC.swift */,
			);
			path = UIViewController;
			sourceTree = "<group>";
		};
		FAC7EC60286E4B880087659D /* UIView */ = {
			isa = PBXGroup;
			children = (
				FAC7EC61286E4BA10087659D /* GFEmptyStateView.swift */,
				FAC7EC6B2871E3690087659D /* GFItemInfoView.swift */,
				FA0B2D84287CCB550063B8AB /* GFAlertContainerView.swift */,
			);
			path = UIView;
			sourceTree = "<group>";
		};
		FAC7EC6D2871EC680087659D /* GFCard */ = {
			isa = PBXGroup;
			children = (
				FAC7EC6E2871EC9E0087659D /* GFBaseCardVC.swift */,
				FAC7EC702871F0BC0087659D /* GFReposCardVC.swift */,
				FAC7EC722871F22C0087659D /* GFFollowersCardVC.swift */,
			);
			path = GFCard;
			sourceTree = "<group>";
		};
		FAD77EF428624E4D00740D21 = {
			isa = PBXGroup;
			children = (
				FAD77EFF28624E4D00740D21 /* GitHubFollowers */,
				FAD77EFE28624E4D00740D21 /* Products */,
			);
			sourceTree = "<group>";
		};
		FAD77EFE28624E4D00740D21 /* Products */ = {
			isa = PBXGroup;
			children = (
				FAD77EFD28624E4D00740D21 /* GitHubFollowers.app */,
			);
			name = Products;
			sourceTree = "<group>";
		};
		FAD77EFF28624E4D00740D21 /* GitHubFollowers */ = {
			isa = PBXGroup;
			children = (
				FA0B2D9B28889A8C0063B8AB /* Protocols */,
				FA491FF6286C3FED0093D917 /* Utils */,
				FA491FF3286BB41A0093D917 /* Managers */,
				FA491FED286A0A6C0093D917 /* Models */,
				FA491FE82869B1790093D917 /* Extensions */,
				FA491FE72869B1450093D917 /* Components */,
				FA491FE62869B0E50093D917 /* Views */,
				FAD77F0028624E4D00740D21 /* AppDelegate.swift */,
				FAD77F0228624E4D00740D21 /* SceneDelegate.swift */,
				FAD77F0928624E4E00740D21 /* Assets.xcassets */,
				FAD77F0B28624E4E00740D21 /* LaunchScreen.storyboard */,
				FAD77F0E28624E4E00740D21 /* Info.plist */,
			);
			path = GitHubFollowers;
			sourceTree = "<group>";
		};
/* End PBXGroup section */

/* Begin PBXNativeTarget section */
		FAD77EFC28624E4D00740D21 /* GitHubFollowers */ = {
			isa = PBXNativeTarget;
			buildConfigurationList = FAD77F1128624E4E00740D21 /* Build configuration list for PBXNativeTarget "GitHubFollowers" */;
			buildPhases = (
				FAD77EF928624E4D00740D21 /* Sources */,
				FAD77EFA28624E4D00740D21 /* Frameworks */,
				FAD77EFB28624E4D00740D21 /* Resources */,
			);
			buildRules = (
			);
			dependencies = (
			);
			name = GitHubFollowers;
			productName = GitHubFollowers;
			productReference = FAD77EFD28624E4D00740D21 /* GitHubFollowers.app */;
			productType = "com.apple.product-type.application";
		};
/* End PBXNativeTarget section */

/* Begin PBXProject section */
		FAD77EF528624E4D00740D21 /* Project object */ = {
			isa = PBXProject;
			attributes = {
				BuildIndependentTargetsInParallel = 1;
				LastSwiftUpdateCheck = 1320;
				LastUpgradeCheck = 1320;
				TargetAttributes = {
					FAD77EFC28624E4D00740D21 = {
						CreatedOnToolsVersion = 13.2.1;
					};
				};
			};
			buildConfigurationList = FAD77EF828624E4D00740D21 /* Build configuration list for PBXProject "GitHubFollowers" */;
			compatibilityVersion = "Xcode 13.0";
			developmentRegion = en;
			hasScannedForEncodings = 0;
			knownRegions = (
				en,
				Base,
			);
			mainGroup = FAD77EF428624E4D00740D21;
			productRefGroup = FAD77EFE28624E4D00740D21 /* Products */;
			projectDirPath = "";
			projectRoot = "";
			targets = (
				FAD77EFC28624E4D00740D21 /* GitHubFollowers */,
			);
		};
/* End PBXProject section */

/* Begin PBXResourcesBuildPhase section */
		FAD77EFB28624E4D00740D21 /* Resources */ = {
			isa = PBXResourcesBuildPhase;
			buildActionMask = 2147483647;
			files = (
				FAD77F0D28624E4E00740D21 /* LaunchScreen.storyboard in Resources */,
				FAD77F0A28624E4E00740D21 /* Assets.xcassets in Resources */,
			);
			runOnlyForDeploymentPostprocessing = 0;
		};
/* End PBXResourcesBuildPhase section */

/* Begin PBXSourcesBuildPhase section */
		FAD77EF928624E4D00740D21 /* Sources */ = {
			isa = PBXSourcesBuildPhase;
			buildActionMask = 2147483647;
			files = (
				FAC7EC62286E4BA10087659D /* GFEmptyStateView.swift in Sources */,
				FA491FF1286A0BC80093D917 /* User.swift in Sources */,
				FAD77F172862601E00740D21 /* FavoritesListVC.swift in Sources */,
				FA0B2D83287C84930063B8AB /* GFTabBarController.swift in Sources */,
				FAD77F1D28699AC000740D21 /* FollowersListVC.swift in Sources */,
				FAD77F192868F8BD00740D21 /* GFButton.swift in Sources */,
				FAD77F0128624E4D00740D21 /* AppDelegate.swift in Sources */,
				FAC7EC6A2871D79B0087659D /* Images.swift in Sources */,
				FA491FFE286C4EEE0093D917 /* GFAvatarImageView.swift in Sources */,
				FAD77F232869A3E700740D21 /* GFAlertVC.swift in Sources */,
				FA491FFB286C4E8E0093D917 /* GFFollowerCell.swift in Sources */,
				FAC7EC6C2871E3690087659D /* GFItemInfoView.swift in Sources */,
				FAD77F1528625F6100740D21 /* SearchVC.swift in Sources */,
				FAD77F1F2869A17B00740D21 /* GFTitleLabel.swift in Sources */,
				FA0B2D9D2888A3E50063B8AB /* NonoverlappingKeyboard.swift in Sources */,
				FA0B2D9A28870F2A0063B8AB /* SFSymbols.swift in Sources */,
				FAC7EC662871AD730087659D /* GFUserInfoHeaderVC.swift in Sources */,
				FA492003286CB3140093D917 /* UICollectionViewFlowLayout+Ext.swift in Sources */,
				FAC7EC6F2871EC9E0087659D /* GFBaseCardVC.swift in Sources */,
				FA491FEF286A0A840093D917 /* Follower.swift in Sources */,
				FA491FF8286C3FFE0093D917 /* GFError.swift in Sources */,
				FA0B2DA128895A8A0063B8AB /* UITableView+Ext.swift in Sources */,
				FAC7EC682871B0C60087659D /* GFSecondaryTitleLabel.swift in Sources */,
				FAC7EC752871FBE60087659D /* Date+Ext.swift in Sources */,
				FAD77F0328624E4D00740D21 /* SceneDelegate.swift in Sources */,
				FAC7EC732871F22C0087659D /* GFFollowersCardVC.swift in Sources */,
				FAC7EC7728723EB00087659D /* PersistenceManager.swift in Sources */,
				FA0B2D85287CCB550063B8AB /* GFAlertContainerView.swift in Sources */,
				FA491FF5286BB42F0093D917 /* NetworkManager.swift in Sources */,
				FA0B2D7F287430680063B8AB /* GFFavoriteCell.swift in Sources */,
				FAD77F1B2868FB5700740D21 /* GFTextField.swift in Sources */,
				FA491FE52869AAB40093D917 /* UIViewController+Ext.swift in Sources */,
				FAD77F212869A2D800740D21 /* GFBodyLabel.swift in Sources */,
				FA0B2D9F288948710063B8AB /* UIView+Ext.swift in Sources */,
				FAC7EC642870889E0087659D /* UserInfoVC.swift in Sources */,
				FAC7EC712871F0BC0087659D /* GFReposCardVC.swift in Sources */,
			);
			runOnlyForDeploymentPostprocessing = 0;
		};
/* End PBXSourcesBuildPhase section */

/* Begin PBXVariantGroup section */
		FAD77F0B28624E4E00740D21 /* LaunchScreen.storyboard */ = {
			isa = PBXVariantGroup;
			children = (
				FAD77F0C28624E4E00740D21 /* Base */,
			);
			name = LaunchScreen.storyboard;
			sourceTree = "<group>";
		};
/* End PBXVariantGroup section */

/* Begin XCBuildConfiguration section */
		FAD77F0F28624E4E00740D21 /* Debug */ = {
			isa = XCBuildConfiguration;
			buildSettings = {
				ALWAYS_SEARCH_USER_PATHS = NO;
				CLANG_ANALYZER_NONNULL = YES;
				CLANG_ANALYZER_NUMBER_OBJECT_CONVERSION = YES_AGGRESSIVE;
				CLANG_CXX_LANGUAGE_STANDARD = "gnu++17";
				CLANG_CXX_LIBRARY = "libc++";
				CLANG_ENABLE_MODULES = YES;
				CLANG_ENABLE_OBJC_ARC = YES;
				CLANG_ENABLE_OBJC_WEAK = YES;
				CLANG_WARN_BLOCK_CAPTURE_AUTORELEASING = YES;
				CLANG_WARN_BOOL_CONVERSION = YES;
				CLANG_WARN_COMMA = YES;
				CLANG_WARN_CONSTANT_CONVERSION = YES;
				CLANG_WARN_DEPRECATED_OBJC_IMPLEMENTATIONS = YES;
				CLANG_WARN_DIRECT_OBJC_ISA_USAGE = YES_ERROR;
				CLANG_WARN_DOCUMENTATION_COMMENTS = YES;
				CLANG_WARN_EMPTY_BODY = YES;
				CLANG_WARN_ENUM_CONVERSION = YES;
				CLANG_WARN_INFINITE_RECURSION = YES;
				CLANG_WARN_INT_CONVERSION = YES;
				CLANG_WARN_NON_LITERAL_NULL_CONVERSION = YES;
				CLANG_WARN_OBJC_IMPLICIT_RETAIN_SELF = YES;
				CLANG_WARN_OBJC_LITERAL_CONVERSION = YES;
				CLANG_WARN_OBJC_ROOT_CLASS = YES_ERROR;
				CLANG_WARN_QUOTED_INCLUDE_IN_FRAMEWORK_HEADER = YES;
				CLANG_WARN_RANGE_LOOP_ANALYSIS = YES;
				CLANG_WARN_STRICT_PROTOTYPES = YES;
				CLANG_WARN_SUSPICIOUS_MOVE = YES;
				CLANG_WARN_UNGUARDED_AVAILABILITY = YES_AGGRESSIVE;
				CLANG_WARN_UNREACHABLE_CODE = YES;
				CLANG_WARN__DUPLICATE_METHOD_MATCH = YES;
				COPY_PHASE_STRIP = NO;
				DEBUG_INFORMATION_FORMAT = dwarf;
				ENABLE_STRICT_OBJC_MSGSEND = YES;
				ENABLE_TESTABILITY = YES;
				GCC_C_LANGUAGE_STANDARD = gnu11;
				GCC_DYNAMIC_NO_PIC = NO;
				GCC_NO_COMMON_BLOCKS = YES;
				GCC_OPTIMIZATION_LEVEL = 0;
				GCC_PREPROCESSOR_DEFINITIONS = (
					"DEBUG=1",
					"$(inherited)",
				);
				GCC_WARN_64_TO_32_BIT_CONVERSION = YES;
				GCC_WARN_ABOUT_RETURN_TYPE = YES_ERROR;
				GCC_WARN_UNDECLARED_SELECTOR = YES;
				GCC_WARN_UNINITIALIZED_AUTOS = YES_AGGRESSIVE;
				GCC_WARN_UNUSED_FUNCTION = YES;
				GCC_WARN_UNUSED_VARIABLE = YES;
				IPHONEOS_DEPLOYMENT_TARGET = 15.2;
				MTL_ENABLE_DEBUG_INFO = INCLUDE_SOURCE;
				MTL_FAST_MATH = YES;
				ONLY_ACTIVE_ARCH = YES;
				SDKROOT = iphoneos;
				SWIFT_ACTIVE_COMPILATION_CONDITIONS = DEBUG;
				SWIFT_OPTIMIZATION_LEVEL = "-Onone";
			};
			name = Debug;
		};
		FAD77F1028624E4E00740D21 /* Release */ = {
			isa = XCBuildConfiguration;
			buildSettings = {
				ALWAYS_SEARCH_USER_PATHS = NO;
				CLANG_ANALYZER_NONNULL = YES;
				CLANG_ANALYZER_NUMBER_OBJECT_CONVERSION = YES_AGGRESSIVE;
				CLANG_CXX_LANGUAGE_STANDARD = "gnu++17";
				CLANG_CXX_LIBRARY = "libc++";
				CLANG_ENABLE_MODULES = YES;
				CLANG_ENABLE_OBJC_ARC = YES;
				CLANG_ENABLE_OBJC_WEAK = YES;
				CLANG_WARN_BLOCK_CAPTURE_AUTORELEASING = YES;
				CLANG_WARN_BOOL_CONVERSION = YES;
				CLANG_WARN_COMMA = YES;
				CLANG_WARN_CONSTANT_CONVERSION = YES;
				CLANG_WARN_DEPRECATED_OBJC_IMPLEMENTATIONS = YES;
				CLANG_WARN_DIRECT_OBJC_ISA_USAGE = YES_ERROR;
				CLANG_WARN_DOCUMENTATION_COMMENTS = YES;
				CLANG_WARN_EMPTY_BODY = YES;
				CLANG_WARN_ENUM_CONVERSION = YES;
				CLANG_WARN_INFINITE_RECURSION = YES;
				CLANG_WARN_INT_CONVERSION = YES;
				CLANG_WARN_NON_LITERAL_NULL_CONVERSION = YES;
				CLANG_WARN_OBJC_IMPLICIT_RETAIN_SELF = YES;
				CLANG_WARN_OBJC_LITERAL_CONVERSION = YES;
				CLANG_WARN_OBJC_ROOT_CLASS = YES_ERROR;
				CLANG_WARN_QUOTED_INCLUDE_IN_FRAMEWORK_HEADER = YES;
				CLANG_WARN_RANGE_LOOP_ANALYSIS = YES;
				CLANG_WARN_STRICT_PROTOTYPES = YES;
				CLANG_WARN_SUSPICIOUS_MOVE = YES;
				CLANG_WARN_UNGUARDED_AVAILABILITY = YES_AGGRESSIVE;
				CLANG_WARN_UNREACHABLE_CODE = YES;
				CLANG_WARN__DUPLICATE_METHOD_MATCH = YES;
				COPY_PHASE_STRIP = NO;
				DEBUG_INFORMATION_FORMAT = "dwarf-with-dsym";
				ENABLE_NS_ASSERTIONS = NO;
				ENABLE_STRICT_OBJC_MSGSEND = YES;
				GCC_C_LANGUAGE_STANDARD = gnu11;
				GCC_NO_COMMON_BLOCKS = YES;
				GCC_WARN_64_TO_32_BIT_CONVERSION = YES;
				GCC_WARN_ABOUT_RETURN_TYPE = YES_ERROR;
				GCC_WARN_UNDECLARED_SELECTOR = YES;
				GCC_WARN_UNINITIALIZED_AUTOS = YES_AGGRESSIVE;
				GCC_WARN_UNUSED_FUNCTION = YES;
				GCC_WARN_UNUSED_VARIABLE = YES;
				IPHONEOS_DEPLOYMENT_TARGET = 15.2;
				MTL_ENABLE_DEBUG_INFO = NO;
				MTL_FAST_MATH = YES;
				SDKROOT = iphoneos;
				SWIFT_COMPILATION_MODE = wholemodule;
				SWIFT_OPTIMIZATION_LEVEL = "-O";
				VALIDATE_PRODUCT = YES;
			};
			name = Release;
		};
		FAD77F1228624E4E00740D21 /* Debug */ = {
			isa = XCBuildConfiguration;
			buildSettings = {
				ASSETCATALOG_COMPILER_APPICON_NAME = AppIcon;
				ASSETCATALOG_COMPILER_GLOBAL_ACCENT_COLOR_NAME = AccentColor;
				CODE_SIGN_STYLE = Automatic;
				CURRENT_PROJECT_VERSION = 1;
				DEVELOPMENT_TEAM = M992YBC7DL;
				GENERATE_INFOPLIST_FILE = YES;
				INFOPLIST_FILE = GitHubFollowers/Info.plist;
				INFOPLIST_KEY_UIApplicationSupportsIndirectInputEvents = YES;
				INFOPLIST_KEY_UILaunchStoryboardName = LaunchScreen;
				INFOPLIST_KEY_UISupportedInterfaceOrientations = UIInterfaceOrientationPortrait;
				INFOPLIST_KEY_UISupportedInterfaceOrientations_iPad = "UIInterfaceOrientationPortrait UIInterfaceOrientationPortraitUpsideDown UIInterfaceOrientationLandscapeLeft UIInterfaceOrientationLandscapeRight";
				INFOPLIST_KEY_UISupportedInterfaceOrientations_iPhone = "UIInterfaceOrientationPortrait UIInterfaceOrientationLandscapeLeft UIInterfaceOrientationLandscapeRight";
				LD_RUNPATH_SEARCH_PATHS = (
					"$(inherited)",
					"@executable_path/Frameworks",
				);
				MARKETING_VERSION = 1.0;
				PRODUCT_BUNDLE_IDENTIFIER = com.henestrosaconh.GitHubFollowers;
				PRODUCT_NAME = "$(TARGET_NAME)";
				SWIFT_EMIT_LOC_STRINGS = YES;
				SWIFT_VERSION = 5.0;
				TARGETED_DEVICE_FAMILY = "1,2";
			};
			name = Debug;
		};
		FAD77F1328624E4E00740D21 /* Release */ = {
			isa = XCBuildConfiguration;
			buildSettings = {
				ASSETCATALOG_COMPILER_APPICON_NAME = AppIcon;
				ASSETCATALOG_COMPILER_GLOBAL_ACCENT_COLOR_NAME = AccentColor;
				CODE_SIGN_STYLE = Automatic;
				CURRENT_PROJECT_VERSION = 1;
				DEVELOPMENT_TEAM = M992YBC7DL;
				GENERATE_INFOPLIST_FILE = YES;
				INFOPLIST_FILE = GitHubFollowers/Info.plist;
				INFOPLIST_KEY_UIApplicationSupportsIndirectInputEvents = YES;
				INFOPLIST_KEY_UILaunchStoryboardName = LaunchScreen;
				INFOPLIST_KEY_UISupportedInterfaceOrientations = UIInterfaceOrientationPortrait;
				INFOPLIST_KEY_UISupportedInterfaceOrientations_iPad = "UIInterfaceOrientationPortrait UIInterfaceOrientationPortraitUpsideDown UIInterfaceOrientationLandscapeLeft UIInterfaceOrientationLandscapeRight";
				INFOPLIST_KEY_UISupportedInterfaceOrientations_iPhone = "UIInterfaceOrientationPortrait UIInterfaceOrientationLandscapeLeft UIInterfaceOrientationLandscapeRight";
				LD_RUNPATH_SEARCH_PATHS = (
					"$(inherited)",
					"@executable_path/Frameworks",
				);
				MARKETING_VERSION = 1.0;
				PRODUCT_BUNDLE_IDENTIFIER = com.henestrosaconh.GitHubFollowers;
				PRODUCT_NAME = "$(TARGET_NAME)";
				SWIFT_EMIT_LOC_STRINGS = YES;
				SWIFT_VERSION = 5.0;
				TARGETED_DEVICE_FAMILY = "1,2";
			};
			name = Release;
		};
/* End XCBuildConfiguration section */

/* Begin XCConfigurationList section */
		FAD77EF828624E4D00740D21 /* Build configuration list for PBXProject "GitHubFollowers" */ = {
			isa = XCConfigurationList;
			buildConfigurations = (
				FAD77F0F28624E4E00740D21 /* Debug */,
				FAD77F1028624E4E00740D21 /* Release */,
			);
			defaultConfigurationIsVisible = 0;
			defaultConfigurationName = Release;
		};
		FAD77F1128624E4E00740D21 /* Build configuration list for PBXNativeTarget "GitHubFollowers" */ = {
			isa = XCConfigurationList;
			buildConfigurations = (
				FAD77F1228624E4E00740D21 /* Debug */,
				FAD77F1328624E4E00740D21 /* Release */,
			);
			defaultConfigurationIsVisible = 0;
			defaultConfigurationName = Release;
		};
/* End XCConfigurationList section */
	};
	rootObject = FAD77EF528624E4D00740D21 /* Project object */;
}
